dependencies:
- name: common
  repository: https://truecharts.org
  version: 8.3.16
- name: postgresql
  repository: https://truecharts.org/
  version: 5.1.4
- name: memcached
  repository: https://charts.bitnami.com/bitnami
  version: 5.15.8
digest: sha256:86a8e2e5eb7c17ea5dde921011ab816074a230a77b70d743713988fa48d43ab1
generated: "2021-10-26T22:22:45.528151312Z"
