dependencies:
- name: common
  repository: https://library-charts.truecharts.org
  version: 10.4.7
- name: mariadb
  repository: https://charts.truecharts.org/
  version: 3.0.43
- name: redis
  repository: https://charts.truecharts.org
  version: 3.0.44
digest: sha256:9141160a1438754f41fcd88e56c724b564acdb76575e6f0e762790e79e9fcd1c
generated: "2022-07-25T22:25:40.530415022Z"
