dependencies:
- name: common
  repository: https://library-charts.truecharts.org
  version: 10.4.9
- name: postgresql
  repository: https://charts.truecharts.org/
  version: 8.0.52
- name: collabora-online
  repository: https://charts.truecharts.org/
  version: 12.1.24
- name: redis
  repository: https://charts.truecharts.org
  version: 3.0.50
digest: sha256:697729e43a49024d013cbb67057fc99dea7880a4aec17edb98e8e33ce5986674
generated: "2022-08-09T15:29:04.162224122Z"
