dependencies:
- name: common
  repository: https://truecharts.org
  version: 8.9.18
- name: postgresql
  repository: https://truecharts.org/
  version: 6.0.27
- name: redis
  repository: https://truecharts.org
  version: 1.0.32
digest: sha256:79f0b24bd94a2aef323509453096b30cf12823b8896d15c0e971f85731f9d3c1
generated: "2021-12-11T14:26:22.408380478Z"
