dependencies:
- name: common
  repository: https://library-charts.truecharts.org
  version: 9.2.6
- name: postgresql
  repository: https://charts.truecharts.org/
  version: 7.0.27
- name: memcached
  repository: https://charts.truecharts.org/
  version: 2.0.25
digest: sha256:ccc044b9b216578c33223b494cba9caa53b8c226227b748710e4e0f321572ac2
generated: "2022-03-31T17:47:20.212097383Z"
