dependencies:
- name: common
  repository: https://truecharts.org
  version: 8.5.3
- name: postgresql
  repository: https://truecharts.org/
  version: 5.1.10
- name: memcached
  repository: https://charts.bitnami.com/bitnami
  version: 5.15.8
digest: sha256:985e5b494e74bb84005c1188c5225e843afa2308bdb4c0b2df07ca814358070b
generated: "2021-11-08T14:46:31.583040778Z"
