dependencies:
- name: common
  repository: https://truecharts.org
  version: 8.9.11
- name: postgresql
  repository: https://truecharts.org/
  version: 6.0.21
- name: redis
  repository: https://truecharts.org/
  version: 1.0.25
digest: sha256:888843944a148f9860f850161ecbbdf61fc9875866f2395241dbabd2ad2ec8ab
generated: "2021-12-05T13:52:19.050727729Z"
