dependencies:
- name: common
  repository: https://truecharts.org/
  version: 6.6.1
- name: postgresql
  repository: https://charts.bitnami.com/bitnami
  version: 10.5.2
- name: redis
  repository: https://charts.bitnami.com/bitnami
  version: 14.6.6
digest: sha256:f6ed2544e4ebbc1f1e240cfee9cd03145dae148c2905deda2a31a799efb2de01
generated: "2021-07-13T08:09:24.293355784Z"
