dependencies:
- name: common
  repository: https://truecharts.org
  version: 8.14.2
- name: postgresql
  repository: https://truecharts.org/
  version: 6.0.58
- name: redis
  repository: https://truecharts.org
  version: 1.0.63
digest: sha256:e41f7ea9203768b04adca367d6fba3dca20224666c88824b364d9d4a9d56c6bf
generated: "2022-01-26T00:55:38.602389442Z"
