dependencies:
- name: common
  repository: https://truecharts.org/
  version: 6.6.1
- name: postgresql
  repository: https://charts.bitnami.com/bitnami
  version: 10.8.0
- name: redis
  repository: https://charts.bitnami.com/bitnami
  version: 14.8.7
digest: sha256:3d0620a81fdf3d6777a2148bac8d701636c1c8803a56fdc10977a39e21da7800
generated: "2021-08-03T08:38:16.131602836Z"
