dependencies:
- name: common
  repository: https://library-charts.truecharts.org
  version: 10.4.9
- name: mariadb
  repository: https://charts.truecharts.org/
  version: 3.0.50
- name: redis
  repository: https://charts.truecharts.org
  version: 3.0.50
digest: sha256:472b875bd1191598fe6818c498cf05c3c08f071db5dc280a9f5a25ed1504e880
generated: "2022-08-09T15:24:28.961314957Z"
