dependencies:
- name: common
  repository: https://library-charts.truecharts.org
  version: 9.1.15
- name: mariadb
  repository: https://truecharts.org/
  version: 2.0.11
- name: redis
  repository: https://truecharts.org
  version: 2.0.6
digest: sha256:34ed83cb8656f27aceb08b669f72644f0e1ec8458f978a4dc58293982990c68e
generated: "2022-03-26T16:09:06.524094844Z"
