dependencies:
- name: common
  repository: https://library-charts.truecharts.org
  version: 9.1.15
- name: postgresql
  repository: https://truecharts.org/
  version: 7.0.6
- name: memcached
  repository: https://truecharts.org/
  version: 2.0.7
digest: sha256:5f3f3ae4c465bdaa35f5fb322f938aef312d7abf6d5857ee1c72153e7aabdab9
generated: "2022-03-26T14:50:17.900904339Z"
