dependencies:
- name: common
  repository: https://truecharts.org
  version: 8.13.4
- name: postgresql
  repository: https://truecharts.org/
  version: 6.0.54
- name: redis
  repository: https://truecharts.org
  version: 1.0.59
digest: sha256:dcc07cff6fce071bedc77ce164e977d7dcb20f00ae5d394de64aa68d9bb7f18a
generated: "2022-01-22T10:40:42.549055965Z"
