dependencies:
- name: common
  repository: https://truecharts.org
  version: 8.13.0
- name: postgresql
  repository: https://truecharts.org/
  version: 6.0.49
- name: redis
  repository: https://truecharts.org
  version: 1.0.54
digest: sha256:1b5fe146bbe1b00247d873995eab91cc661458e1e99ee89e910b4e71895add40
generated: "2022-01-13T17:04:22.661525178Z"
