dependencies:
- name: common
  repository: https://truecharts.org
  version: 8.5.7
- name: postgresql
  repository: https://truecharts.org/
  version: 5.1.17
- name: redis
  repository: https://truecharts.org
  version: 1.0.1
digest: sha256:255be6e2033e7b58937d40ba0691381da92d1e41e0869d2176854df03d51b46a
generated: "2021-11-14T17:50:21.329933491Z"
