dependencies:
- name: common
  repository: https://library-charts.truecharts.org
  version: 9.2.8
- name: mariadb
  repository: https://charts.truecharts.org/
  version: 2.0.38
- name: redis
  repository: https://charts.truecharts.org
  version: 2.0.34
digest: sha256:647e3fdb8f01b9dbd2ce83a1bfd7914a3be96036e3f6cd1c692d50333b6791e0
generated: "2022-04-12T16:52:15.877027252Z"
