dependencies:
- name: common
  repository: https://library-charts.truecharts.org
  version: 10.4.8
- name: postgresql
  repository: https://charts.truecharts.org/
  version: 8.0.48
digest: sha256:06eed2d910d06ee059a0eed8277d806937d457340e3f510c63a55c1b8e5ce14f
generated: "2022-07-27T10:10:38.284085647Z"
