dependencies:
- name: common
  repository: https://library-charts.truecharts.org
  version: 9.3.2
- name: postgresql
  repository: https://charts.truecharts.org/
  version: 7.0.52
- name: memcached
  repository: https://charts.truecharts.org/
  version: 2.0.49
digest: sha256:13e30e83c0b80aebf9f43a1146d19e7dadff5fdc3ca477219c7193a6d41ae0f2
generated: "2022-05-04T07:15:44.429437394Z"
