dependencies:
- name: common
  repository: https://truecharts.org
  version: 8.3.13
- name: postgresql
  repository: https://truecharts.org/
  version: 3.0.20
- name: redis
  repository: https://charts.bitnami.com/bitnami
  version: 15.4.1
digest: sha256:ecdd510858c3e494997cf97636e7a731f6f44d8097a4b3f87edbd1a5bff8966d
generated: "2021-10-19T21:49:52.005352678Z"
