dependencies:
- name: common
  repository: https://library-charts.truecharts.org
  version: 10.4.12
- name: postgresql
  repository: https://charts.truecharts.org/
  version: 8.0.55
- name: memcached
  repository: https://charts.truecharts.org/
  version: 3.0.54
digest: sha256:31ec06aa935b23bc7f50019953dfc88142cea8d5c06779186e6fe521569be3a0
generated: "2022-08-12T22:12:56.392568047Z"
