dependencies:
- name: common
  repository: https://truecharts.org
  version: 8.6.2
- name: postgresql
  repository: https://truecharts.org/
  version: 5.2.2
- name: redis
  repository: https://truecharts.org/
  version: 1.0.5
digest: sha256:9fb83c98057bda1b247f15bf0653b90a652cf18c590a206eac19c10b30f46b1d
generated: "2021-11-15T22:16:23.859849908Z"
