dependencies:
- name: common
  repository: https://truecharts.org/
  version: 6.8.0
- name: postgresql
  repository: https://charts.bitnami.com/bitnami
  version: 10.9.1
- name: redis
  repository: https://charts.bitnami.com/bitnami
  version: 14.8.8
digest: sha256:2c687275c26bce74607415ca77f355ab6cd9571c4707fdf1c4a7efd17c553692
generated: "2021-08-12T12:12:52.862201055Z"
