dependencies:
- name: common
  repository: https://truecharts.org
  version: 8.13.5
- name: postgresql
  repository: https://truecharts.org/
  version: 6.0.56
- name: redis
  repository: https://truecharts.org/
  version: 1.0.61
digest: sha256:ad133bad5ae53cb91dec24fb321e55cdd5bd9328a83445020de2bcd9eaa2433b
generated: "2022-01-22T13:48:56.974004733Z"
