dependencies:
- name: common
  repository: https://library-charts.truecharts.org
  version: 9.1.15
- name: postgresql
  repository: https://truecharts.org/
  version: 7.0.10
- name: redis
  repository: https://truecharts.org
  version: 2.0.8
digest: sha256:77f99c0ec10a0c24995bf63e06c62ffbe7e756402159f074aa1a31eb4308bc2b
generated: "2022-03-26T17:41:30.347791824Z"
