dependencies:
- name: common
  repository: https://library-charts.truecharts.org
  version: 10.4.4
- name: postgresql
  repository: https://charts.truecharts.org/
  version: 8.0.30
- name: memcached
  repository: https://charts.truecharts.org/
  version: 3.0.29
digest: sha256:340f7488a38aae9e673336ecd8f6526fa65386a274775679c8546db5af73c82b
generated: "2022-07-13T08:06:31.947567472Z"
