dependencies:
- name: common
  repository: https://library-charts.truecharts.org
  version: 10.2.1
- name: postgresql
  repository: https://charts.truecharts.org/
  version: 8.0.24
- name: memcached
  repository: https://charts.truecharts.org/
  version: 3.0.23
digest: sha256:32c4d1d7997716345b4683067f83a3b6a93d6a07b05af43e5afd3facc5eeb8dc
generated: "2022-07-09T20:08:07.936074723Z"
