dependencies:
- name: common
  repository: https://truecharts.org
  version: 8.9.13
- name: postgresql
  repository: https://truecharts.org/
  version: 6.0.22
- name: redis
  repository: https://truecharts.org
  version: 1.0.27
digest: sha256:b654db524b4959168ddb502004aca337d6763121377f12598ec19a9cfc03afc4
generated: "2021-12-05T22:58:51.132631378Z"
