dependencies:
- name: common
  repository: https://truecharts.org
  version: 8.15.2
- name: mariadb
  repository: https://truecharts.org/
  version: 1.0.68
- name: redis
  repository: https://truecharts.org
  version: 1.0.71
digest: sha256:b1da3265f6cd1f2de737e63e8d697b533e3f12e3b717bfa59e79677a94d34a52
generated: "2022-02-08T16:39:57.936695277Z"
