dependencies:
- name: common
  repository: https://truecharts.org
  version: 8.16.0
- name: postgresql
  repository: https://truecharts.org/
  version: 6.0.69
- name: memcached
  repository: https://truecharts.org/
  version: 1.0.73
digest: sha256:3ae0a28c234cb7d9ba39f8340f86787100a7213c90b9b57f6926973bf814fc0c
generated: "2022-02-21T23:32:48.575746266Z"
