dependencies:
- name: common
  repository: https://truecharts.org
  version: 8.10.2
- name: node-exporter
  repository: https://charts.bitnami.com/bitnami
  version: 2.3.17
- name: kube-state-metrics
  repository: https://charts.bitnami.com/bitnami
  version: 2.1.19
digest: sha256:f06acaf091fedfb8dc5d4cd531c17ccdad60b0b8aee5df0e4f4db61446ff33d8
generated: "2022-01-10T17:57:05.155683357Z"
