dependencies:
- name: common
  repository: https://library-charts.truecharts.org
  version: 9.2.7
- name: postgresql
  repository: https://charts.truecharts.org/
  version: 7.0.37
- name: redis
  repository: https://charts.truecharts.org
  version: 2.0.31
digest: sha256:ca42ace623856b76b18f8972f242bf523562204a104f35940068cb5209668d1b
generated: "2022-04-03T15:59:10.032489775Z"
