dependencies:
- name: common
  repository: https://truecharts.org/
  version: 6.10.7
- name: postgresql
  repository: https://truecharts.org/
  version: 1.2.4
- name: redis
  repository: https://charts.bitnami.com/bitnami
  version: 15.0.3
digest: sha256:c143830b5616998587eb49dc5674fba102aa344fce208d264cd3ab16d71c4e04
generated: "2021-08-29T21:27:42.685208457Z"
