dependencies:
- name: common
  repository: https://truecharts.org
  version: 8.3.12
- name: postgresql
  repository: https://truecharts.org/
  version: 3.0.20
- name: redis
  repository: https://charts.bitnami.com/bitnami
  version: 15.4.1
digest: sha256:4cb20ff5bcc7a9516fe064f62a13340b53b8d5a3ab468a4fef4a40a8a963506c
generated: "2021-10-19T13:46:50.383103995Z"
