dependencies:
- name: common
  repository: https://library-charts.truecharts.org
  version: 10.4.6
- name: postgresql
  repository: https://charts.truecharts.org/
  version: 8.0.42
- name: collabora-online
  repository: https://charts.truecharts.org/
  version: 12.1.19
- name: redis
  repository: https://charts.truecharts.org
  version: 3.0.41
digest: sha256:e0073f62a7db252c6e2dc4dfaa50ca7959ce78234a09ebd13e11e08bb1f57f8a
generated: "2022-07-23T00:05:30.156472274Z"
