dependencies:
- name: common
  repository: https://truecharts.org
  version: 8.3.18
- name: postgresql
  repository: https://truecharts.org/
  version: 5.1.5
- name: redis
  repository: https://charts.bitnami.com/bitnami
  version: 15.5.3
digest: sha256:edc39d8e6c9f365b47783a26b0502987c24ca1fd07292913baf7f1e195a69f6d
generated: "2021-11-01T13:43:13.791754417Z"
