dependencies:
- name: common
  repository: https://truecharts.org
  version: 8.17.2
- name: postgresql
  repository: https://truecharts.org/
  version: 6.0.70
- name: redis
  repository: https://truecharts.org
  version: 1.0.79
digest: sha256:a2192a2bb3776c3bf0b4967b104ef92190bd48bc338ab378b289cd89c6472618
generated: "2022-03-02T12:10:26.784568709Z"
