dependencies:
- name: common
  repository: https://library-charts.truecharts.org
  version: 10.0.10
- name: postgresql
  repository: https://charts.truecharts.org/
  version: 8.0.6
- name: redis
  repository: https://charts.truecharts.org
  version: 3.0.6
digest: sha256:8f61e88cc68e750b6526dfdbf28170cccd7cff51746e3f65a6084db37aa4df9c
generated: "2022-06-14T14:10:44.51423112Z"
