dependencies:
- name: common
  repository: https://truecharts.org
  version: 8.15.4
- name: node-exporter
  repository: https://charts.bitnami.com/bitnami
  version: 2.4.1
- name: kube-state-metrics
  repository: https://charts.bitnami.com/bitnami
  version: 2.2.5
digest: sha256:a15c4321da3c7cd6e4710db3a66d55c198ff964bddc58ed3faf3d988093281be
generated: "2022-02-21T16:55:12.944769105Z"
