dependencies:
- name: common
  repository: https://library-charts.truecharts.org
  version: 10.4.12
- name: postgresql
  repository: https://charts.truecharts.org/
  version: 8.0.56
- name: clickhouse
  repository: https://charts.truecharts.org/
  version: 1.0.9
digest: sha256:2225360dfbd70023dcbefda11efe2777eca18ac30a9ca002d51815903d624e33
generated: "2022-08-17T18:27:49.839094212Z"
