dependencies:
- name: common
  repository: https://truecharts.org
  version: 8.12.1
- name: mariadb
  repository: https://truecharts.org/
  version: 1.0.50
- name: redis
  repository: https://truecharts.org
  version: 1.0.53
digest: sha256:0a642d0d98880374f830beabcca788021e2270a751a4176680646bd093ea5eb0
generated: "2022-01-12T23:40:27.354986305Z"
