dependencies:
- name: common
  repository: https://truecharts.org
  version: 8.13.1
- name: postgresql
  repository: https://truecharts.org/
  version: 6.0.51
- name: redis
  repository: https://truecharts.org
  version: 1.0.56
digest: sha256:dc4279755694477e3234c24d6fc979181c1be6944caa511f729da4f6cfd82ac2
generated: "2022-01-18T15:45:27.939840341Z"
