dependencies:
- name: common
  repository: https://truecharts.org
  version: 8.9.21
- name: postgresql
  repository: https://truecharts.org/
  version: 6.0.31
- name: redis
  repository: https://truecharts.org
  version: 1.0.36
digest: sha256:ce264f1b19b953fe7cdf2de2be52ae7b15eb76103f8a5db918f1ba9e3c5f538c
generated: "2021-12-18T19:50:15.738040135Z"
