dependencies:
- name: common
  repository: https://truecharts.org
  version: 8.6.2
- name: postgresql
  repository: https://truecharts.org/
  version: 6.0.0
- name: redis
  repository: https://truecharts.org
  version: 1.0.5
digest: sha256:ee37e7fe23df0295ef81b3a7a389dd3b293e5c80f7452544a53afc59bcc69e38
generated: "2021-11-16T15:22:14.228227289Z"
