dependencies:
- name: common
  repository: https://truecharts.org/
  version: 7.0.0
- name: postgresql
  repository: https://truecharts.org/
  version: 1.6.6
- name: memcached
  repository: https://charts.bitnami.com/bitnami
  version: 5.14.2
digest: sha256:ac01d6a52fa13834050d90ff697cff11a23ef22ec18672415e179f2b11eeb199
generated: "2021-09-09T20:19:39.224987793Z"
