dependencies:
- name: common
  repository: https://truecharts.org/
  version: 6.6.1
- name: postgresql
  repository: https://charts.bitnami.com/bitnami
  version: 10.5.3
- name: redis
  repository: https://charts.bitnami.com/bitnami
  version: 14.7.2
digest: sha256:6e061aca19c8adb96f97ea153a698a3a0080556f3377ea382f6b07c021f0e9ae
generated: "2021-07-20T08:36:15.233238023Z"
