dependencies:
- name: common
  repository: https://truecharts.org
  version: 8.9.1
- name: postgresql
  repository: https://truecharts.org/
  version: 6.0.7
- name: memcached
  repository: https://truecharts.org/
  version: 1.0.10
digest: sha256:d28cf9458e93df9bec8667a6c521a588164431a9de6a757af7c991b857a34801
generated: "2021-11-22T22:41:00.155026489Z"
