dependencies:
- name: common
  repository: https://truecharts.org/
  version: 7.0.14
- name: postgresql
  repository: https://truecharts.org/
  version: 2.2.5
- name: redis
  repository: https://charts.bitnami.com/bitnami
  version: 15.3.2
digest: sha256:49846a7fea59387404bc474a0ab8c68c9a69ff16ea0fc62d0aa43c5ee95b6017
generated: "2021-09-21T11:04:10.881690548Z"
