dependencies:
- name: common
  repository: https://truecharts.org
  version: 8.15.4
- name: postgresql
  repository: https://truecharts.org/
  version: 6.0.68
- name: memcached
  repository: https://truecharts.org/
  version: 1.0.71
digest: sha256:0d173cf012c233bd6509103f9a6e788ac497de727eee59beb5e69a21950999e1
generated: "2022-02-15T14:06:57.354951081Z"
