dependencies:
- name: common
  repository: https://library-charts.truecharts.org
  version: 10.0.9
- name: node-exporter
  repository: https://charts.bitnami.com/bitnami
  version: 3.0.3
- name: kube-state-metrics
  repository: https://charts.bitnami.com/bitnami
  version: 3.0.5
digest: sha256:3c983d6fcf082237a45552171dc74e31327a13ff279ed061b70abab3d92d2fb7
generated: "2022-06-14T07:34:37.704208745Z"
