dependencies:
- name: common
  repository: https://truecharts.org/
  version: 6.12.1
- name: postgresql
  repository: https://truecharts.org/
  version: 1.5.1
- name: redis
  repository: https://charts.bitnami.com/bitnami
  version: 15.0.4
digest: sha256:4f5f0f1b5c6ad97d7f0cce7325137fc5ce0901bf9a2bde98eb621040bf72e0b4
generated: "2021-08-31T03:20:50.267382961Z"
