dependencies:
- name: common
  repository: https://library-charts.truecharts.org
  version: 10.0.15
- name: postgresql
  repository: https://charts.truecharts.org/
  version: 8.0.13
digest: sha256:dc6148dba432f302e7dedfe68f85dfe82c5ff4e302390c35c015844b43c46535
generated: "2022-06-21T08:04:10.240441096Z"
