dependencies:
- name: common
  repository: https://truecharts.org
  version: 9.0.0
- name: mariadb
  repository: https://truecharts.org/
  version: 2.0.0
- name: redis
  repository: https://truecharts.org
  version: 2.0.0
digest: sha256:71846a25ae46c46a84cc4d9e99e14d20c9bd9c3ab4eb7700d1a254519ac520b9
generated: "2022-03-06T19:14:36.622438157Z"
