dependencies:
- name: common
  repository: https://truecharts.org/
  version: 6.5.2
- name: postgresql
  repository: https://charts.bitnami.com/bitnami
  version: 10.5.1
- name: redis
  repository: https://charts.bitnami.com/bitnami
  version: 14.6.3
digest: sha256:d4848797ee67392cd3ad00c819a70b24de44266996827a503050eef7a15e0202
generated: "2021-07-05T16:21:50.819052399Z"
