dependencies:
- name: common
  repository: https://library-charts.truecharts.org
  version: 10.2.1
- name: postgresql
  repository: https://charts.truecharts.org/
  version: 8.0.24
- name: redis
  repository: https://charts.truecharts.org
  version: 3.0.24
digest: sha256:9019bd5273de686ff3c42c34412278c1960a861a8b185107469fc0bc98ec79a7
generated: "2022-07-11T21:42:53.5712139Z"
