dependencies:
- name: common
  repository: https://truecharts.org
  version: 8.9.24
- name: postgresql
  repository: https://truecharts.org/
  version: 6.0.34
- name: memcached
  repository: https://truecharts.org/
  version: 1.0.36
digest: sha256:835fdca53956a5d3a1441852d666107b70481c90786d90021687e6896ed68957
generated: "2021-12-19T23:16:39.151200568Z"
