dependencies:
- name: common
  repository: https://library-charts.truecharts.org
  version: 9.2.9
- name: postgresql
  repository: https://charts.truecharts.org/
  version: 7.0.48
- name: memcached
  repository: https://charts.truecharts.org/
  version: 2.0.45
digest: sha256:ee519cf954e738386a1006f4ab02e7b115f1d604c18fade9120ce20b5efd5580
generated: "2022-04-26T10:03:53.159621988Z"
