dependencies:
- name: common
  repository: https://truecharts.org
  version: 8.15.4
- name: mariadb
  repository: https://truecharts.org/
  version: 1.0.71
- name: redis
  repository: https://truecharts.org
  version: 1.0.74
digest: sha256:d81670d4c5148a40ddc43c86a1a245501695ba0865e4053414f49274a12adede
generated: "2022-02-15T14:12:48.53009031Z"
