dependencies:
- name: common
  repository: https://truecharts.org
  version: 8.12.1
- name: postgresql
  repository: https://truecharts.org/
  version: 6.0.48
- name: redis
  repository: https://truecharts.org
  version: 1.0.53
digest: sha256:fff953446c3f2a29e0124c3e2dc3aa6f48564669d594becf27f4ef0afb9c9a2e
generated: "2022-01-12T23:48:17.916266426Z"
