dependencies:
- name: common
  repository: https://library-charts.truecharts.org
  version: 10.4.6
- name: postgresql
  repository: https://charts.truecharts.org/
  version: 8.0.43
- name: memcached
  repository: https://charts.truecharts.org/
  version: 3.0.42
digest: sha256:9593d5790273ab7c62423197850ef67d3254bacfc07e05b3406ea33fea530e49
generated: "2022-07-23T09:36:23.361187539Z"
