dependencies:
- name: common
  repository: https://truecharts.org
  version: 8.5.2
- name: postgresql
  repository: https://truecharts.org/
  version: 5.1.8
- name: redis
  repository: https://charts.bitnami.com/bitnami
  version: 15.5.4
digest: sha256:8d6cb1c57cf3fa1ceaf80e4e54a3cda63368c190ed61a709095f754ed480aaac
generated: "2021-11-07T15:01:21.752089511Z"
