dependencies:
- name: common
  repository: https://truecharts.org
  version: 8.9.18
- name: postgresql
  repository: https://truecharts.org/
  version: 6.0.27
- name: redis
  repository: https://truecharts.org/
  version: 1.0.32
digest: sha256:71ee83e34fcb4e2b5650c96260a3b2bd805810cf4c6194c6784178b3ae1572ec
generated: "2021-12-11T14:16:03.306007759Z"
