dependencies:
- name: common
  repository: https://library-charts.truecharts.org
  version: 10.4.12
- name: postgresql
  repository: https://charts.truecharts.org/
  version: 8.0.55
digest: sha256:2e4d6f2db0f388b7b5479a6ee0aa9833abb3d6b2c55221dfd000188c7d62d0d2
generated: "2022-08-12T21:55:06.459919752Z"
