dependencies:
- name: common
  repository: https://library-charts.truecharts.org
  version: 10.4.12
- name: postgresql
  repository: https://charts.truecharts.org/
  version: 8.0.55
- name: collabora-online
  repository: https://charts.truecharts.org/
  version: 12.1.27
- name: redis
  repository: https://charts.truecharts.org
  version: 3.0.53
digest: sha256:6c031abe0e14b96414adc7f95e84ec5ec59d9016edf3e04cf8c16ecde559d7d1
generated: "2022-08-14T09:29:12.668718898Z"
