dependencies:
- name: common
  repository: https://truecharts.org
  version: 8.9.13
- name: postgresql
  repository: https://truecharts.org/
  version: 6.0.22
- name: redis
  repository: https://truecharts.org/
  version: 1.0.27
digest: sha256:c57e452f0a17297c59cb63a1049688892bcf8422f93200e7a474082dac656385
generated: "2021-12-06T00:00:08.010404524Z"
