dependencies:
- name: common
  repository: https://truecharts.org
  version: 8.14.5
- name: node-exporter
  repository: https://charts.bitnami.com/bitnami
  version: 2.4.1
- name: kube-state-metrics
  repository: https://charts.bitnami.com/bitnami
  version: 2.2.4
digest: sha256:69f0b6af223a7527b6690f710a761f21c0dbd49e074e508802f8341809d064b6
generated: "2022-02-05T12:12:27.410010746Z"
