dependencies:
- name: common
  repository: https://library-charts.truecharts.org
  version: 9.1.15
- name: mariadb
  repository: https://truecharts.org/
  version: 2.0.7
- name: redis
  repository: https://truecharts.org
  version: 2.0.6
digest: sha256:9f5914dd098f84e6026bd13a218fa92fb2d912d8d77e64137fe97e788181d964
generated: "2022-03-26T14:39:20.779167753Z"
