dependencies:
- name: common
  repository: https://library-charts.truecharts.org
  version: 10.2.0
- name: postgresql
  repository: https://charts.truecharts.org/
  version: 8.0.22
- name: redis
  repository: https://charts.truecharts.org
  version: 3.0.22
digest: sha256:82453b7bc640176ac92a18d336e348ce5c0979c0a8ebb87ab52fefe9ec037c2c
generated: "2022-07-05T20:36:47.461000942Z"
