dependencies:
- name: common
  repository: https://library-charts.truecharts.org
  version: 9.3.14
- name: postgresql
  repository: https://charts.truecharts.org/
  version: 7.0.72
- name: memcached
  repository: https://charts.truecharts.org/
  version: 2.0.69
digest: sha256:c0c893421a387c12e6c0a31f878ba9ea5cad66fd9b23bc2fb5df5fa576f7aabb
generated: "2022-05-17T08:12:00.980627751Z"
