dependencies:
- name: common
  repository: https://library-charts.truecharts.org
  version: 10.2.1
- name: postgresql
  repository: https://charts.truecharts.org/
  version: 8.0.24
- name: collabora-online
  repository: https://charts.truecharts.org/
  version: 12.1.1
- name: redis
  repository: https://charts.truecharts.org
  version: 3.0.24
digest: sha256:fe5b58b22bf388c2f55e60af557dbffbf807bf68c40e1152f19792bb69634a4a
generated: "2022-07-11T22:01:10.079467865Z"
