dependencies:
- name: common
  repository: https://truecharts.org
  version: 8.10.2
- name: postgresql
  repository: https://truecharts.org/
  version: 6.0.43
- name: redis
  repository: https://truecharts.org
  version: 1.0.48
digest: sha256:66bab85fc77681d7a0d5e01ff31be0a05c4a5147795d14633fd65ff8511e7c7a
generated: "2022-01-04T20:20:05.924462882Z"
