dependencies:
- name: common
  repository: https://library-charts.truecharts.org
  version: 9.3.19
- name: postgresql
  repository: https://charts.truecharts.org/
  version: 7.0.79
digest: sha256:bfa2285bfb14d27d570012b68aeafba3ee553854d2bff12af4fa83ae71f1154f
generated: "2022-05-26T10:25:22.807350296Z"
