dependencies:
- name: common
  repository: https://library-charts.truecharts.org
  version: 9.2.9
- name: postgresql
  repository: https://charts.truecharts.org/
  version: 7.0.42
- name: redis
  repository: https://charts.truecharts.org
  version: 2.0.34
digest: sha256:60a5fa7853f4f5cec9e80b3b4e1905c74845ddb8057a338a454a165f15f44950
generated: "2022-04-19T10:11:43.184236599Z"
