dependencies:
- name: common
  repository: https://truecharts.org
  version: 8.9.24
- name: postgresql
  repository: https://truecharts.org/
  version: 6.0.34
- name: redis
  repository: https://truecharts.org/
  version: 1.0.39
digest: sha256:01843f2c545c6a303038b8d2e351b07b530d14b374c82c9677740cb6cf6752da
generated: "2021-12-19T23:07:20.001009377Z"
