dependencies:
- name: common
  repository: https://library-charts.truecharts.org
  version: 10.4.7
- name: mongodb
  repository: https://charts.truecharts.org
  version: 1.0.45
digest: sha256:088c1ddfc70bf9954e6be128278c2c653bde2b901dbbd24066ca0ff3bee0c656
generated: "2022-07-25T18:42:51.50314906Z"
