dependencies:
- name: common
  repository: https://library-charts.truecharts.org
  version: 10.0.8
- name: mariadb
  repository: https://charts.truecharts.org/
  version: 2.0.92
- name: redis
  repository: https://charts.truecharts.org
  version: 2.0.83
digest: sha256:2ff0e4b70a20927b0d08b677814daa4d2d92e49b04f859057c1770c9cc6c9c91
generated: "2022-06-07T19:37:40.959892979Z"
