dependencies:
- name: common
  repository: https://library-charts.truecharts.org
  version: 10.4.12
- name: mariadb
  repository: https://charts.truecharts.org/
  version: 3.0.54
- name: redis
  repository: https://charts.truecharts.org
  version: 3.0.54
digest: sha256:bcc5fa8d40257b83cd4a1a5be5423bd471c42d5ea0e77d4f4f5598b7c605edcc
generated: "2022-08-17T18:31:04.48246793Z"
