dependencies:
- name: common
  repository: https://library-charts.truecharts.org
  version: 10.1.4
- name: node-exporter
  repository: https://charts.bitnami.com/bitnami
  version: 3.0.3
- name: kube-state-metrics
  repository: https://charts.bitnami.com/bitnami
  version: 3.1.0
digest: sha256:38d024ef737ce9247605fe89fc43b2183a5cca22f2729dac64220092780aa7f4
generated: "2022-07-04T06:11:10.151280388Z"
