dependencies:
- name: common
  repository: https://library-charts.truecharts.org
  version: 10.4.12
- name: postgresql
  repository: https://charts.truecharts.org/
  version: 8.0.56
- name: collabora-online
  repository: https://charts.truecharts.org/
  version: 12.1.27
- name: redis
  repository: https://charts.truecharts.org
  version: 3.0.54
digest: sha256:dd458913fc5d031bb42de9362c23585eb21f0b179e8bbfac10e29ab7e06221be
generated: "2022-08-17T18:41:50.570576652Z"
