dependencies:
- name: common
  repository: https://truecharts.org/
  version: 6.9.1
- name: postgresql
  repository: https://truecharts.org/
  version: 1.0.22
- name: redis
  repository: https://charts.bitnami.com/bitnami
  version: 14.8.11
digest: sha256:1d26bf615c211f6e50cef1da5d0530d21a7c5b046ca740d220c540d9b91327df
generated: "2021-08-24T11:20:32.784547616Z"
