dependencies:
- name: common
  repository: https://library-charts.truecharts.org
  version: 10.4.8
- name: promtail
  repository: https://charts.truecharts.org
  version: 3.0.36
digest: sha256:4537c234d08b7530ca8edcbc068a05f8433b7efdcea57c24eec575e0b1154dc5
generated: "2022-07-26T11:02:16.797766363Z"
