dependencies:
- name: common
  repository: https://truecharts.org
  version: 8.13.4
- name: postgresql
  repository: https://truecharts.org/
  version: 6.0.53
- name: redis
  repository: https://truecharts.org
  version: 1.0.58
digest: sha256:96b183a38859bf6a7b605eb3c00ed29010afea6471834cc4b8e527a15bf67a76
generated: "2022-01-21T12:26:53.255322435Z"
