dependencies:
- name: common
  repository: https://library-charts.truecharts.org
  version: 9.3.2
- name: node-exporter
  repository: https://charts.bitnami.com/bitnami
  version: 2.4.11
- name: kube-state-metrics
  repository: https://charts.bitnami.com/bitnami
  version: 2.2.19
digest: sha256:943014a8c52161f167d2941e4dfaefe2a2735c17232c5986c8f3d055af951706
generated: "2022-05-04T21:08:59.541043798Z"
