dependencies:
- name: common
  repository: https://truecharts.org
  version: 9.1.4
- name: postgresql
  repository: https://truecharts.org/
  version: 7.0.4
- name: memcached
  repository: https://truecharts.org/
  version: 2.0.4
digest: sha256:e0eab43f33c60a564623c07f1102782aa5b0e9e05fe8bd2d8af595dcd05d96b4
generated: "2022-03-17T08:23:33.096374042Z"
