dependencies:
- name: common
  repository: https://library-charts.truecharts.org
  version: 10.4.7
- name: postgresql
  repository: https://charts.truecharts.org/
  version: 8.0.45
- name: memcached
  repository: https://charts.truecharts.org/
  version: 3.0.44
digest: sha256:df86c367c0bc4fe17ce1c3e0afcef9c95e1ec89dfedbdeb9fc4bdf938a028b87
generated: "2022-07-25T18:49:37.44538036Z"
