dependencies:
- name: common
  repository: https://truecharts.org
  version: 8.0.8
- name: postgresql
  repository: https://truecharts.org/
  version: 3.0.1
- name: redis
  repository: https://charts.bitnami.com/bitnami
  version: 15.4.0
digest: sha256:857e62b673b8a259655cf5875720bc7e37a87725b251e226b3f993630229c40b
generated: "2021-09-27T22:05:10.648980397Z"
