dependencies:
- name: common
  repository: https://library-charts.truecharts.org
  version: 10.4.4
- name: node-exporter
  repository: https://charts.bitnami.com/bitnami
  version: 3.0.4
- name: kube-state-metrics
  repository: https://charts.bitnami.com/bitnami
  version: 3.1.1
digest: sha256:4eb868a55473152052bfbfa520296385ee855d0630a2823121ceb2cd9b4484f5
generated: "2022-07-12T23:12:15.050104519Z"
