dependencies:
- name: common
  repository: https://truecharts.org
  version: 8.15.4
- name: postgresql
  repository: https://truecharts.org/
  version: 6.0.68
- name: redis
  repository: https://truecharts.org/
  version: 1.0.74
digest: sha256:a2f957cec1b31b8ba5adbdead0f77cf5b381d34d86cc13a82aa575cf1c88afbd
generated: "2022-02-15T14:27:02.640342014Z"
