dependencies:
- name: common
  repository: https://truecharts.org/
  version: 6.8.0
- name: postgresql
  repository: https://truecharts.org/
  version: 1.0.3
- name: redis
  repository: https://charts.bitnami.com/bitnami
  version: 14.8.8
digest: sha256:963e4422d28dc6731b953f173b9ddbbb9b4c28365e32e69749b3decfe27db50c
generated: "2021-08-16T13:35:48.70481398Z"
