dependencies:
- name: common
  repository: https://truecharts.org/
  version: 6.12.4
- name: postgresql
  repository: https://truecharts.org/
  version: 1.5.10
- name: redis
  repository: https://charts.bitnami.com/bitnami
  version: 15.2.0
digest: sha256:87548afd82343ac058ba6cff29b6b23c02706538e42aa12ef7d183872537e857
generated: "2021-09-03T18:43:14.661937214Z"
