dependencies:
- name: common
  repository: https://truecharts.org
  version: 8.9.18
- name: postgresql
  repository: https://truecharts.org/
  version: 6.0.27
- name: memcached
  repository: https://truecharts.org/
  version: 1.0.30
digest: sha256:b993fcc69c50080aab3185b8b7c5131cfc3a1549fd9da3162d7cfa98f735b0ae
generated: "2021-12-13T12:11:26.653934924Z"
