dependencies:
- name: common
  repository: https://truecharts.org/
  version: 6.7.0
- name: postgresql
  repository: https://charts.bitnami.com/bitnami
  version: 10.9.1
- name: redis
  repository: https://charts.bitnami.com/bitnami
  version: 14.8.8
digest: sha256:bd07ddd2487f0f3d4e331fb0d3f7671c9fa7899597c9ebd76fd16520aebd5cec
generated: "2021-08-12T10:32:16.535547858Z"
