dependencies:
- name: common
  repository: https://truecharts.org
  version: 8.15.2
- name: postgresql
  repository: https://truecharts.org/
  version: 6.0.66
- name: redis
  repository: https://truecharts.org/
  version: 1.0.71
digest: sha256:1492a82d18d1cd9d1764437381a289e44e63afd1722ce6e5fde939bc9346189c
generated: "2022-02-08T16:59:23.362600248Z"
