dependencies:
- name: common
  repository: https://library-charts.truecharts.org
  version: 10.0.8
- name: postgresql
  repository: https://charts.truecharts.org/
  version: 8.0.1
- name: memcached
  repository: https://charts.truecharts.org/
  version: 3.0.1
digest: sha256:996521e4654c3e58f4d3231b215b9af0bc81d24a3db5834e22de8b3e70dfc418
generated: "2022-06-07T22:24:47.476047964Z"
