dependencies:
- name: common
  repository: https://truecharts.org
  version: 8.5.2
- name: postgresql
  repository: https://truecharts.org/
  version: 5.1.8
- name: memcached
  repository: https://charts.bitnami.com/bitnami
  version: 5.15.8
digest: sha256:30dc5de30c8fdca6dbaaafd797448b013e0d6d1a44ca02b1058f1c84c860882d
generated: "2021-11-07T15:20:16.81405589Z"
