dependencies:
- name: common
  repository: https://truecharts.org
  version: 8.17.2
- name: mariadb
  repository: https://truecharts.org/
  version: 1.0.76
- name: redis
  repository: https://truecharts.org
  version: 1.0.79
digest: sha256:07b41448a0f531ed06da1508a1016f34ab659aab5bd7c4ed0d1faa4baa26a21a
generated: "2022-03-02T11:49:21.572439964Z"
