dependencies:
- name: common
  repository: https://library-charts.truecharts.org
  version: 9.2.9
- name: postgresql
  repository: https://charts.truecharts.org/
  version: 7.0.48
- name: redis
  repository: https://charts.truecharts.org
  version: 2.0.40
digest: sha256:79a7d6bb46936b025fe5cab73b2bad420cc75e3837c2b856908b9b0d4633825d
generated: "2022-04-20T21:04:38.979633764Z"
