dependencies:
- name: common
  repository: https://library-charts.truecharts.org
  version: 10.2.0
- name: postgresql
  repository: https://charts.truecharts.org/
  version: 8.0.22
- name: memcached
  repository: https://charts.truecharts.org/
  version: 3.0.21
digest: sha256:c1fadf0d3c2fc852e095016da9aae6f3a4db84d5e6dde61bdb820d23e1d34f31
generated: "2022-07-05T20:13:34.159580573Z"
