dependencies:
- name: common
  repository: https://truecharts.org/
  version: 6.6.1
- name: postgresql
  repository: https://charts.bitnami.com/bitnami
  version: 10.5.2
- name: redis
  repository: https://charts.bitnami.com/bitnami
  version: 14.7.0
digest: sha256:138e33ff281a40f6c5738fd257508b8867b2826a8c69a8120e66343063a5a9a1
generated: "2021-07-13T21:10:14.897144337Z"
