dependencies:
- name: common
  repository: https://truecharts.org
  version: 8.9.11
- name: node-exporter
  repository: https://charts.bitnami.com/bitnami
  version: 2.3.16
- name: kube-state-metrics
  repository: https://charts.bitnami.com/bitnami
  version: 2.1.18
digest: sha256:b0fea0507192df6f78b2afd31a43d22996d91bffc634ff04ca7df8807592f35b
generated: "2021-12-05T13:45:29.334809735Z"
