dependencies:
- name: common
  repository: https://library-charts.truecharts.org
  version: 10.4.9
- name: postgresql
  repository: https://charts.truecharts.org/
  version: 8.0.50
- name: collabora-online
  repository: https://charts.truecharts.org/
  version: 12.1.24
- name: redis
  repository: https://charts.truecharts.org
  version: 3.0.48
digest: sha256:3df4f761aa0d0cf74fa760383022a33b39c53db5e90ea750bd29966eb6948a99
generated: "2022-08-08T22:59:24.093857159Z"
