dependencies:
- name: common
  repository: https://library-charts.truecharts.org
  version: 10.4.12
- name: postgresql
  repository: https://charts.truecharts.org/
  version: 8.0.56
- name: redis
  repository: https://charts.truecharts.org
  version: 3.0.54
digest: sha256:5ef42601d9cd6a64e04f92de69069c1a9743d1162cb3abbd15a831e69c6cd925
generated: "2022-08-17T18:30:03.233513782Z"
