dependencies:
- name: common
  repository: https://truecharts.org
  version: 8.9.7
- name: node-exporter
  repository: https://charts.bitnami.com/bitnami
  version: 2.3.16
- name: kube-state-metrics
  repository: https://charts.bitnami.com/bitnami
  version: 2.1.18
digest: sha256:503390d23331f322ff8cf63c6dcfb0d6bc38f4fb3a62fb3266372735d2e94a7d
generated: "2021-11-30T11:31:00.586528659Z"
