dependencies:
- name: common
  repository: https://library-charts.truecharts.org
  version: 9.2.9
- name: node-exporter
  repository: https://charts.bitnami.com/bitnami
  version: 2.4.11
- name: kube-state-metrics
  repository: https://charts.bitnami.com/bitnami
  version: 2.2.19
digest: sha256:e3577b02fed2cf30b4d05d0801b903c0a06a7a11872744bcf05f7ca29c90c89b
generated: "2022-04-26T09:58:59.042175975Z"
