dependencies:
- name: common
  repository: https://truecharts.org
  version: 9.1.8
- name: mariadb
  repository: https://truecharts.org/
  version: 2.0.7
- name: redis
  repository: https://truecharts.org
  version: 2.0.6
digest: sha256:503702a5916981e92311b654a8297d1c1954b9e6a3af31da1dc024ba65637897
generated: "2022-03-22T20:58:33.182287029Z"
