dependencies:
- name: common
  repository: https://truecharts.org/
  version: 6.6.1
- name: postgresql
  repository: https://charts.bitnami.com/bitnami
  version: 10.9.0
- name: redis
  repository: https://charts.bitnami.com/bitnami
  version: 14.8.6
digest: sha256:4ee5ed9facfea9c283afaa7bef21c09ae60fc5cd437735d208cbbf02639652c2
generated: "2021-08-03T07:17:16.438220563Z"
