dependencies:
- name: common
  repository: https://truecharts.org
  version: 8.10.6
- name: mariadb
  repository: https://truecharts.org/
  version: 1.0.47
- name: redis
  repository: https://truecharts.org
  version: 1.0.50
digest: sha256:a429856de976024ff65c4c6ebc19737c04e906d5956e65687fdf64cc257f872b
generated: "2022-01-11T17:58:45.953085839Z"
