dependencies:
- name: common
  repository: https://library-charts.truecharts.org
  version: 10.0.15
- name: mariadb
  repository: https://charts.truecharts.org/
  version: 3.0.12
- name: redis
  repository: https://charts.truecharts.org
  version: 3.0.13
digest: sha256:d24a67b13e5737547f33e90f3d29e22fada52f22bb9bc5b6de2136cc458eca9c
generated: "2022-06-21T07:04:52.117256798Z"
