dependencies:
- name: common
  repository: https://library-charts.truecharts.org
  version: 9.3.24
- name: postgresql
  repository: https://charts.truecharts.org/
  version: 7.0.85
- name: memcached
  repository: https://charts.truecharts.org/
  version: 2.0.84
digest: sha256:8e6ecffc73962728cf88b0ba2b0420dcc2976f92523008ec79d2c9c790c14cab
generated: "2022-05-31T19:51:30.656209964Z"
