dependencies:
- name: common
  repository: https://truecharts.org
  version: 8.3.14
- name: postgresql
  repository: https://truecharts.org/
  version: 4.0.1
- name: memcached
  repository: https://charts.bitnami.com/bitnami
  version: 5.15.7
digest: sha256:f5f8859b1bc6037a77b0cd71049bfee5ed75e454a39437399de5b1bac26768eb
generated: "2021-10-26T02:46:29.820952699Z"
