dependencies:
- name: common
  repository: https://truecharts.org
  version: 9.1.2
- name: mariadb
  repository: https://truecharts.org/
  version: 2.0.1
- name: redis
  repository: https://truecharts.org
  version: 2.0.1
digest: sha256:e8fd0eae8ff916ba745985f76a29a209ee101e55b2ad9835e68fb43601c60bdf
generated: "2022-03-07T16:30:58.497247396Z"
