dependencies:
- name: common
  repository: https://library-charts.truecharts.org
  version: 9.3.24
- name: node-exporter
  repository: https://charts.bitnami.com/bitnami
  version: 2.4.16
- name: kube-state-metrics
  repository: https://charts.bitnami.com/bitnami
  version: 2.2.24
digest: sha256:349d7e3e08d7f508690cd5a7f8f411bd5edd6aebfe74c92667b344029ff27c04
generated: "2022-05-31T19:27:59.384131136Z"
