dependencies:
- name: common
  repository: https://truecharts.org
  version: 8.3.10
- name: postgresql
  repository: https://truecharts.org/
  version: 3.0.16
- name: memcached
  repository: https://charts.bitnami.com/bitnami
  version: 5.15.5
digest: sha256:09701117b5da2a0d6767b02a892c3b7b93520b1c662b3cfc8b1a7fefbe2100ce
generated: "2021-10-17T18:38:47.424979435Z"
