dependencies:
- name: common
  repository: https://library-charts.truecharts.org
  version: 9.3.3
- name: mariadb
  repository: https://charts.truecharts.org/
  version: 2.0.51
- name: redis
  repository: https://charts.truecharts.org
  version: 2.0.45
digest: sha256:c88a9d1aef5ee43bcc2000922cc007d185e7509ada79e1818697a97b09b618dd
generated: "2022-05-05T08:52:36.846990638Z"
