dependencies:
- name: common
  repository: https://library-charts.truecharts.org
  version: 9.3.2
- name: postgresql
  repository: https://charts.truecharts.org/
  version: 7.0.50
- name: redis
  repository: https://charts.truecharts.org
  version: 2.0.42
digest: sha256:a88eebbc5390298bea5384eba04eb67739b8f30a44b1364a2b081f4666a68766
generated: "2022-04-26T19:24:41.222234662Z"
