dependencies:
- name: common
  repository: https://library-charts.truecharts.org
  version: 10.2.0
- name: postgresql
  repository: https://charts.truecharts.org/
  version: 8.0.22
- name: collabora-online
  repository: https://charts.truecharts.org/
  version: 12.0.11
- name: redis
  repository: https://charts.truecharts.org
  version: 3.0.22
digest: sha256:ce50d5b90e0a57a934090c19d8a9b64a8918fbc8880bb9cc1f41c665e7503ad8
generated: "2022-07-08T15:00:21.750398665Z"
