dependencies:
- name: common
  repository: https://truecharts.org
  version: 8.5.7
- name: postgresql
  repository: https://truecharts.org/
  version: 5.1.17
- name: redis
  repository: https://truecharts.org/
  version: 1.0.1
digest: sha256:f261e9317c19c6dd643aa0cd340416837c1cbbb3b9097eebe0d4a618796d4cc7
generated: "2021-11-14T17:19:44.402692831Z"
