dependencies:
- name: common
  repository: https://truecharts.org
  version: 8.13.1
- name: postgresql
  repository: https://truecharts.org/
  version: 6.0.51
- name: memcached
  repository: https://truecharts.org/
  version: 1.0.53
digest: sha256:ffa9ae3464fd07ba287a9a25349b44001800387a0febd391e1f9e2c4f47e799c
generated: "2022-01-18T15:36:23.4627101Z"
