dependencies:
- name: common
  repository: https://truecharts.org
  version: 8.9.18
- name: mariadb
  repository: https://truecharts.org/
  version: 1.0.30
- name: redis
  repository: https://truecharts.org
  version: 1.0.32
digest: sha256:af04b1ec7019f4e77d6efa92d3e713c2875856dc82461cbcf64133ad833c1d79
generated: "2021-12-13T12:01:02.612292012Z"
