dependencies:
- name: common
  repository: https://truecharts.org
  version: 8.10.6
- name: postgresql
  repository: https://truecharts.org/
  version: 6.0.45
- name: redis
  repository: https://truecharts.org
  version: 1.0.50
digest: sha256:32d26660bd80641fba8b8a4f8c8ee8cb696dae4aff8899176b9e193be9d9b35a
generated: "2022-01-11T18:13:29.311657948Z"
