dependencies:
- name: common
  repository: https://library-charts.truecharts.org
  version: 10.4.9
- name: postgresql
  repository: https://charts.truecharts.org/
  version: 8.0.52
- name: memcached
  repository: https://charts.truecharts.org/
  version: 3.0.51
digest: sha256:f780b16c35f142b7b632456a337d5b7652b88b4f00b90b98ce672433bbf684f0
generated: "2022-08-09T15:24:29.648228841Z"
