dependencies:
- name: common
  repository: https://library-charts.truecharts.org
  version: 9.2.6
- name: postgresql
  repository: https://charts.truecharts.org/
  version: 7.0.26
- name: memcached
  repository: https://charts.truecharts.org/
  version: 2.0.24
digest: sha256:2ccf477818b3aaf2fc0cdb878c72e565468d8721c551a200f7d400a4f3ba5c57
generated: "2022-03-31T13:25:46.644218599Z"
