dependencies:
- name: common
  repository: https://library-charts.truecharts.org
  version: 9.1.15
- name: mariadb
  repository: https://truecharts.org/
  version: 2.0.12
- name: redis
  repository: https://truecharts.org
  version: 2.0.8
digest: sha256:723dd3ddb81395cbb564310e358cbb35556e33c3455dfdabff6f9e3f860cf5a4
generated: "2022-03-26T17:30:00.490321481Z"
