dependencies:
- name: common
  repository: https://truecharts.org
  version: 8.15.2
- name: node-exporter
  repository: https://charts.bitnami.com/bitnami
  version: 2.4.1
- name: kube-state-metrics
  repository: https://charts.bitnami.com/bitnami
  version: 2.2.4
digest: sha256:9b6ea8fe356714a94633c43c67fc78e9bf74c465c1d6ea50f7786b646b01436d
generated: "2022-02-10T16:17:27.639108963Z"
