dependencies:
- name: common
  repository: https://truecharts.org
  version: 8.3.16
- name: postgresql
  repository: https://truecharts.org/
  version: 5.1.4
- name: redis
  repository: https://charts.bitnami.com/bitnami
  version: 15.5.2
digest: sha256:b5ce4337c8f00c6310157a8b26a1108d9880018509251b8c39b310eb7112d375
generated: "2021-10-26T22:26:37.421636834Z"
