dependencies:
- name: common
  repository: https://library-charts.truecharts.org
  version: 9.3.2
- name: mariadb
  repository: https://charts.truecharts.org/
  version: 2.0.47
- name: redis
  repository: https://charts.truecharts.org
  version: 2.0.42
digest: sha256:7efc00f673b1e1f29a5b6e5c054422fda4298185388600a476ef345409d69d47
generated: "2022-04-26T19:41:54.140872584Z"
