dependencies:
- name: common
  repository: https://library-charts.truecharts.org
  version: 9.1.15
- name: mariadb
  repository: https://charts.truecharts.org/
  version: 2.0.23
- name: redis
  repository: https://charts.truecharts.org
  version: 2.0.17
digest: sha256:e576e93f546f6b3c745834bbd84041fcfb3c3dcdc74d8c0bc3bdc7476ff6b6a1
generated: "2022-03-30T13:58:26.624459092Z"
