dependencies:
- name: common
  repository: https://truecharts.org
  version: 8.6.2
- name: postgresql
  repository: https://truecharts.org/
  version: 6.0.1
- name: memcached
  repository: https://truecharts.org/
  version: 1.0.4
digest: sha256:f4ec82bc93a2aff142e3b5ec37557270a636bf5c57fab553fb158aacedfec987
generated: "2021-11-16T15:53:47.821664643Z"
