dependencies:
- name: common
  repository: https://library-charts.truecharts.org
  version: 9.3.15
- name: node-exporter
  repository: https://charts.bitnami.com/bitnami
  version: 2.4.12
- name: kube-state-metrics
  repository: https://charts.bitnami.com/bitnami
  version: 2.2.20
digest: sha256:12253d106b99a14f4bf3e6245d2e7f0144c11c7edc9630b88d766e1597fd1a88
generated: "2022-05-18T19:16:01.176495218Z"
