dependencies:
- name: common
  repository: https://truecharts.org/
  version: 6.9.1
- name: postgresql
  repository: https://truecharts.org/
  version: 1.1.0
- name: redis
  repository: https://charts.bitnami.com/bitnami
  version: 14.8.11
digest: sha256:33b73adc91d645a1b46fd1d1112f4e77b12f70d78c0934cfd0625806292db34e
generated: "2021-08-24T16:53:41.861906912Z"
