dependencies:
- name: common
  repository: https://truecharts.org/
  version: 7.0.14
- name: postgresql
  repository: https://truecharts.org/
  version: 2.2.5
- name: memcached
  repository: https://charts.bitnami.com/bitnami
  version: 5.15.1
digest: sha256:7b13a9e1dd4aa70de879dea165f0043f499bdc394bc6ab66c4933600614963b8
generated: "2021-09-21T11:03:52.698692422Z"
