dependencies:
- name: common
  repository: https://library-charts.truecharts.org
  version: 9.3.17
- name: postgresql
  repository: https://charts.truecharts.org/
  version: 7.0.77
- name: redis
  repository: https://charts.truecharts.org
  version: 2.0.69
digest: sha256:3349c5454020cc7a4dde58f8eedc6a15e27044966df28216bc1daa69a31620c2
generated: "2022-05-24T07:04:17.048469096Z"
