dependencies:
- name: common
  repository: https://truecharts.org
  version: 8.2.2
- name: postgresql
  repository: https://truecharts.org/
  version: 3.0.8
- name: memcached
  repository: https://charts.bitnami.com/bitnami
  version: 5.15.4
digest: sha256:505855bf97f71b5fae35edae4dbb54d3da6d8fd7209ff18b57a46b96d86acdd8
generated: "2021-10-05T12:12:45.625807654Z"
