dependencies:
- name: common
  repository: https://library-charts.truecharts.org
  version: 9.3.19
- name: mariadb
  repository: https://charts.truecharts.org/
  version: 2.0.78
- name: redis
  repository: https://charts.truecharts.org
  version: 2.0.70
digest: sha256:be0d09895f91e966dcea8411abc13a83bc69edaf28945fb307cefac172698e85
generated: "2022-05-26T10:26:15.124646139Z"
