dependencies:
- name: common
  repository: https://truecharts.org
  version: 8.13.4
- name: postgresql
  repository: https://truecharts.org/
  version: 6.0.53
- name: redis
  repository: https://truecharts.org/
  version: 1.0.58
digest: sha256:2190f521337dd8dc5adfee6f87a6bdb40bef8db931c390214f1a46e19e793453
generated: "2022-01-21T12:19:26.998309858Z"
