dependencies:
- name: common
  repository: https://library-charts.truecharts.org
  version: 10.4.9
- name: mariadb
  repository: https://charts.truecharts.org/
  version: 3.0.49
- name: redis
  repository: https://charts.truecharts.org
  version: 3.0.48
digest: sha256:3b15b50ae844e25a2d6e611b59d838b38ce0f61ceb1ce4228ed4186d9ba42232
generated: "2022-08-08T22:40:36.208137883Z"
