dependencies:
- name: common
  repository: https://library-charts.truecharts.org
  version: 9.2.8
- name: node-exporter
  repository: https://charts.bitnami.com/bitnami
  version: 2.4.9
- name: kube-state-metrics
  repository: https://charts.bitnami.com/bitnami
  version: 2.2.17
digest: sha256:fafb3fbd9ce290fb3d4182189a13b7419e0eadf0e61ec1c936aa96300c5c5244
generated: "2022-04-20T10:23:20.168914316Z"
