dependencies:
- name: common
  repository: https://truecharts.org/
  version: 7.0.1
- name: postgresql
  repository: https://truecharts.org/
  version: 1.6.6
- name: memcached
  repository: https://charts.bitnami.com/bitnami
  version: 5.14.2
digest: sha256:660881c93f1ef3e613c50b6fe9bef0fcef2172d2f0858a230c7fb0a904536127
generated: "2021-09-10T13:44:32.827294985Z"
