dependencies:
- name: common
  repository: https://library-charts.truecharts.org
  version: 9.2.7
- name: node-exporter
  repository: https://charts.bitnami.com/bitnami
  version: 2.4.7
- name: kube-state-metrics
  repository: https://charts.bitnami.com/bitnami
  version: 2.2.15
digest: sha256:5a31ad1bf89532506397061f9be0a6fe31b9b395fa2bd2dc51aff73088d92e6f
generated: "2022-04-07T01:42:03.651880615Z"
