dependencies:
- name: common
  repository: https://library-charts.truecharts.org
  version: 9.1.15
- name: postgresql
  repository: https://charts.truecharts.org/
  version: 7.0.21
- name: redis
  repository: https://charts.truecharts.org
  version: 2.0.17
digest: sha256:269f2e6712be2e23ff10f264c988a119d8264ef3f358e6343901f71a4630ad8f
generated: "2022-03-30T08:21:18.044894472Z"
