dependencies:
- name: common
  repository: https://truecharts.org/
  version: 6.8.0
- name: postgresql
  repository: https://truecharts.org/
  version: 1.0.1
- name: redis
  repository: https://charts.bitnami.com/bitnami
  version: 14.8.8
digest: sha256:57708a26fbbf45f5419e07b16eeeb2e79e347700f6e6cc90e0365c06386bde90
generated: "2021-08-14T09:22:35.549862751Z"
