dependencies:
- name: common
  repository: https://truecharts.org
  version: 8.13.4
- name: node-exporter
  repository: https://charts.bitnami.com/bitnami
  version: 2.4.1
- name: kube-state-metrics
  repository: https://charts.bitnami.com/bitnami
  version: 2.2.4
digest: sha256:111c36081232da0fa04d1affbb6e5b3be5cc5c04d9bb11f5db762c18ddc77d18
generated: "2022-01-21T12:16:23.323827235Z"
