dependencies:
- name: common
  repository: https://library-charts.truecharts.org
  version: 10.2.0
- name: mariadb
  repository: https://charts.truecharts.org/
  version: 3.0.22
- name: redis
  repository: https://charts.truecharts.org
  version: 3.0.22
digest: sha256:a5db65215f4f09b36390c736dc430708835c71f14f0cae861a02d00074cec0ec
generated: "2022-07-05T20:44:09.242457136Z"
