dependencies:
- name: common
  repository: https://truecharts.org
  version: 8.9.7
- name: postgresql
  repository: https://truecharts.org/
  version: 6.0.15
- name: redis
  repository: https://truecharts.org
  version: 1.0.19
digest: sha256:605745a6aafb290cc1d20aca5741911e642b27c842840d1b1baf02024040e74b
generated: "2021-11-30T12:18:37.030882416Z"
