dependencies:
- name: common
  repository: https://truecharts.org
  version: 8.0.8
- name: postgresql
  repository: https://truecharts.org/
  version: 3.0.2
- name: redis
  repository: https://charts.bitnami.com/bitnami
  version: 15.4.0
digest: sha256:067f0cfbc9288b9407b9ca1255f23891dc23bbc1eedaf779e59f9cf6ec69014d
generated: "2021-09-28T08:18:45.741623671Z"
