dependencies:
- name: common
  repository: https://library-charts.truecharts.org
  version: 10.4.7
- name: postgresql
  repository: https://charts.truecharts.org/
  version: 8.0.45
- name: clickhouse
  repository: https://charts.truecharts.org/
  version: 1.0.2
digest: sha256:c8f99d77463e29fb77f9d990da6c146c66511fded0a5e220ceb7ebb40e828fb0
generated: "2022-07-23T14:11:27.12272159Z"
