dependencies:
- name: common
  repository: https://library-charts.truecharts.org
  version: 10.1.1
- name: mariadb
  repository: https://charts.truecharts.org/
  version: 3.0.14
- name: redis
  repository: https://charts.truecharts.org
  version: 3.0.15
digest: sha256:e743a06374eee641187ff2156d95943dd7cd87f2e3e52194b4bb47551b99a9b7
generated: "2022-06-25T12:16:16.339021333Z"
