dependencies:
- name: common
  repository: https://truecharts.org
  version: 8.6.3
- name: postgresql
  repository: https://truecharts.org/
  version: 6.0.3
- name: redis
  repository: https://truecharts.org
  version: 1.0.7
digest: sha256:6dd2ef59b02cb69b7277088f962daaf42193c9002860da739842d4a68b6e49f1
generated: "2021-11-21T12:27:11.813205885Z"
