dependencies:
- name: common
  repository: https://library-charts.truecharts.org
  version: 10.4.6
- name: postgresql
  repository: https://charts.truecharts.org/
  version: 8.0.43
- name: collabora-online
  repository: https://charts.truecharts.org/
  version: 12.1.20
- name: redis
  repository: https://charts.truecharts.org
  version: 3.0.42
digest: sha256:5d6a45f180b678d16fe488ab0208cfd550a74db1b79db6efd084275d98776b62
generated: "2022-07-23T11:59:48.276316039Z"
