dependencies:
- name: common
  repository: https://truecharts.org
  version: 8.3.13
- name: postgresql
  repository: https://truecharts.org/
  version: 3.0.20
- name: memcached
  repository: https://charts.bitnami.com/bitnami
  version: 5.15.6
digest: sha256:4ca5f7804a42cb5b07539d795b2e755c3bc1d791a2af796fcd0d943899672c47
generated: "2021-10-19T21:58:29.219167593Z"
