dependencies:
- name: common
  repository: https://truecharts.org
  version: 8.9.10
- name: postgresql
  repository: https://truecharts.org/
  version: 6.0.18
- name: redis
  repository: https://truecharts.org
  version: 1.0.22
digest: sha256:9ee92ddd3195452b7d1f51dede260a5fca506e10566afce6ce910a6f590aa3de
generated: "2021-12-05T11:56:34.048859079Z"
