dependencies:
- name: common
  repository: https://truecharts.org
  version: 8.16.0
- name: mariadb
  repository: https://truecharts.org/
  version: 1.0.73
- name: redis
  repository: https://truecharts.org
  version: 1.0.76
digest: sha256:f6739a7718311ebb96f741d6e3044a479913ad3e4ef44bcd992ecbbf4854067e
generated: "2022-02-22T23:16:01.122320738Z"
