dependencies:
- name: common
  repository: https://truecharts.org
  version: 8.13.4
- name: postgresql
  repository: https://truecharts.org/
  version: 6.0.54
- name: memcached
  repository: https://truecharts.org/
  version: 1.0.57
digest: sha256:a59fc0eee64bbcc406b362a4c3ebb1828fa4164c0bafc2b92d2bac5b711e3587
generated: "2022-01-22T10:41:32.052756088Z"
