dependencies:
- name: common
  repository: https://truecharts.org/
  version: 6.13.8
- name: postgresql
  repository: https://truecharts.org/
  version: 1.6.1
- name: redis
  repository: https://charts.bitnami.com/bitnami
  version: 15.3.1
digest: sha256:7804f400715e01ecde27d999ea9a37fc4b56e61a2fee378b5d428afd27277f25
generated: "2021-09-07T07:49:49.634734556Z"
