dependencies:
- name: common
  repository: https://library-charts.truecharts.org
  version: 9.3.17
- name: node-exporter
  repository: https://charts.bitnami.com/bitnami
  version: 2.4.16
- name: kube-state-metrics
  repository: https://charts.bitnami.com/bitnami
  version: 2.2.24
digest: sha256:73da44420f95b7b95d84abeff8b5e28d813df221c0a990c57c5c403430d5083d
generated: "2022-05-25T06:55:08.168634035Z"
