dependencies:
- name: common
  repository: https://library-charts.truecharts.org
  version: 9.1.15
- name: postgresql
  repository: https://truecharts.org/
  version: 7.0.6
- name: redis
  repository: https://truecharts.org
  version: 2.0.6
digest: sha256:67cf2e5034f5aa737dff7c497653a864cbea94a4c06eba80237f20349ea53fdc
generated: "2022-03-26T14:57:05.702017434Z"
