dependencies:
- name: common
  repository: https://truecharts.org
  version: 8.9.26
- name: mariadb
  repository: https://truecharts.org/
  version: 1.0.43
- name: redis
  repository: https://truecharts.org
  version: 1.0.45
digest: sha256:cdab9ebbd5c7eea6dc8924cf464ae415ef22bce6c82f9c37272707969f32090a
generated: "2021-12-28T14:49:22.987459562Z"
