dependencies:
- name: common
  repository: https://truecharts.org
  version: 8.3.14
- name: postgresql
  repository: https://truecharts.org/
  version: 4.1.0
- name: redis
  repository: https://charts.bitnami.com/bitnami
  version: 15.5.1
digest: sha256:46f1de93d3f444db9c89f79f5adeb3dd89ad44959ee80eb5b99c63812c3319b4
generated: "2021-10-26T09:17:22.457946728Z"
