dependencies:
- name: common
  repository: https://truecharts.org
  version: 8.14.5
- name: postgresql
  repository: https://truecharts.org/
  version: 6.0.62
- name: redis
  repository: https://truecharts.org/
  version: 1.0.67
digest: sha256:00cfe7a8d62bb8802b8695a8ac5c1e7a1eb27369c23fd182acd5ef4732f50194
generated: "2022-02-05T12:15:23.550018225Z"
