dependencies:
- name: common
  repository: https://truecharts.org
  version: 8.14.2
- name: postgresql
  repository: https://truecharts.org/
  version: 6.0.58
- name: redis
  repository: https://truecharts.org/
  version: 1.0.63
digest: sha256:e943fe8a5a38bb636225e2d24434f7ae9fcbee299a51f3fd59d2fbce191618de
generated: "2022-01-25T19:52:12.530338459Z"
