dependencies:
- name: common
  repository: https://truecharts.org
  version: 8.10.2
- name: postgresql
  repository: https://truecharts.org/
  version: 6.0.43
- name: redis
  repository: https://truecharts.org/
  version: 1.0.48
digest: sha256:6ec52aa0995de94468a4805b5f1fce09a92a334bd4a6f745450bc5474b5b6341
generated: "2022-01-04T20:11:32.900090231Z"
