dependencies:
- name: common
  repository: https://truecharts.org
  version: 8.3.13
- name: postgresql
  repository: https://truecharts.org/
  version: 4.0.1
- name: memcached
  repository: https://charts.bitnami.com/bitnami
  version: 5.15.6
digest: sha256:e7c96bb6db8a755282d386ca7f8b0a16a285ff028b2bf1d46c0191488b9eb49a
generated: "2021-10-20T19:26:10.689946996Z"
