dependencies:
- name: common
  repository: https://truecharts.org
  version: 9.1.8
- name: postgresql
  repository: https://truecharts.org/
  version: 7.0.6
- name: memcached
  repository: https://truecharts.org/
  version: 2.0.7
digest: sha256:728857590b63f1547e4c8907d45130bfeebcb2ec00d12dd0af1d883cada7eb2d
generated: "2022-03-25T02:20:35.168086687Z"
