dependencies:
- name: common
  repository: https://truecharts.org/
  version: 6.8.3
- name: postgresql
  repository: https://truecharts.org/
  version: 1.0.13
- name: redis
  repository: https://charts.bitnami.com/bitnami
  version: 14.8.8
digest: sha256:8234209f24667c53f1b173d9f398db9571beb96df03f991e392eecbeab3c7d47
generated: "2021-08-19T03:16:23.40872411Z"
