dependencies:
- name: common
  repository: https://library-charts.truecharts.org
  version: 10.4.7
- name: postgresql
  repository: https://charts.truecharts.org/
  version: 8.0.45
- name: collabora-online
  repository: https://charts.truecharts.org/
  version: 12.1.21
- name: redis
  repository: https://charts.truecharts.org
  version: 3.0.44
digest: sha256:d55f64ad0e6636023b5a0b50f60725e68903c375e08935350abc45b97c8e437f
generated: "2022-07-24T09:25:58.288500621Z"
