dependencies:
- name: common
  repository: https://truecharts.org
  version: 8.15.2
- name: postgresql
  repository: https://truecharts.org/
  version: 6.0.66
- name: redis
  repository: https://truecharts.org
  version: 1.0.71
digest: sha256:5e0ce1d5ef46d205e40745ce61638ba6eb10e0fb1c0b616bf465e877e39359df
generated: "2022-02-10T16:21:01.14315898Z"
