dependencies:
- name: common
  repository: https://truecharts.org
  version: 8.9.24
- name: node-exporter
  repository: https://charts.bitnami.com/bitnami
  version: 2.3.17
- name: kube-state-metrics
  repository: https://charts.bitnami.com/bitnami
  version: 2.1.19
digest: sha256:9996c081f33e1a636bcbb3b060bcb8ea425ad59e6bf5c808f6e88c2a3e136ab1
generated: "2021-12-20T17:55:21.60488417Z"
