dependencies:
- name: common
  repository: https://library-charts.truecharts.org
  version: 10.0.10
- name: postgresql
  repository: https://charts.truecharts.org/
  version: 8.0.7
- name: redis
  repository: https://charts.truecharts.org
  version: 3.0.7
digest: sha256:ad62d55cd3d67c0e79335f748fb09122b26eda636a79c0d721527650348e4162
generated: "2022-06-17T08:51:00.727163899Z"
