dependencies:
- name: common
  repository: https://truecharts.org
  version: 8.9.13
- name: node-exporter
  repository: https://charts.bitnami.com/bitnami
  version: 2.3.17
- name: kube-state-metrics
  repository: https://charts.bitnami.com/bitnami
  version: 2.1.18
digest: sha256:875cf07d887e9b1e351096d761dbb05d13ea7ce2052baadc29ebae08c6aa2afb
generated: "2021-12-07T09:21:31.738467865Z"
