dependencies:
- name: common
  repository: https://truecharts.org/
  version: 6.6.1
- name: postgresql
  repository: https://charts.bitnami.com/bitnami
  version: 10.8.0
- name: redis
  repository: https://charts.bitnami.com/bitnami
  version: 14.8.5
digest: sha256:17b530b204ade1bfb5d4aa0db589fe15a371d09b5ab6552388a1cd767e1af9fd
generated: "2021-07-27T17:35:36.527726588Z"
