dependencies:
- name: common
  repository: https://truecharts.org
  version: 8.3.12
- name: postgresql
  repository: https://truecharts.org/
  version: 3.0.20
- name: memcached
  repository: https://charts.bitnami.com/bitnami
  version: 5.15.6
digest: sha256:5d6aa59e90ad666f0950efef50f52c797243c5131d7e604b4b8ec7ca83347af5
generated: "2021-10-19T17:45:26.273119651Z"
