dependencies:
- name: common
  repository: https://library-charts.truecharts.org
  version: 9.2.6
- name: postgresql
  repository: https://charts.truecharts.org/
  version: 7.0.27
- name: redis
  repository: https://charts.truecharts.org
  version: 2.0.23
digest: sha256:9bb2955e213f4574812c315a578a0cff8801b7e5962141499229ef682f0d6606
generated: "2022-03-31T17:49:53.788587526Z"
