dependencies:
- name: common
  repository: https://truecharts.org
  version: 9.1.8
- name: node-exporter
  repository: https://charts.bitnami.com/bitnami
  version: 2.4.5
- name: kube-state-metrics
  repository: https://charts.bitnami.com/bitnami
  version: 2.2.13
digest: sha256:982dc339e301ad6723ef58626715085561c88bf26dec9a4c5456211331d76f02
generated: "2022-03-25T02:18:21.958155706Z"
