dependencies:
- name: common
  repository: https://library-charts.truecharts.org
  version: 10.1.4
- name: mariadb
  repository: https://charts.truecharts.org/
  version: 3.0.18
- name: redis
  repository: https://charts.truecharts.org
  version: 3.0.18
digest: sha256:7ea59c9d955ac2d5d830ae6bec9856ec0fe75d11ffd1c35c80b8b3991bb7abe8
generated: "2022-06-29T10:41:30.36612085Z"
