dependencies:
- name: common
  repository: https://truecharts.org
  version: 8.0.8
- name: postgresql
  repository: https://truecharts.org/
  version: 3.0.3
- name: redis
  repository: https://charts.bitnami.com/bitnami
  version: 15.4.0
digest: sha256:8e4ce6cbe97c1e0bed84547459b86d5bbcfa6ccf00bd84420c843d13b5d4af5e
generated: "2021-09-29T08:23:07.002190177Z"
