dependencies:
- name: common
  repository: https://truecharts.org
  version: 8.9.15
- name: mariadb
  repository: https://truecharts.org/
  version: 1.0.27
- name: redis
  repository: https://truecharts.org
  version: 1.0.29
digest: sha256:ffb368519e861863bcf8ee108eb820a07d548b81b4c4358097bb8ca297c69f4e
generated: "2021-12-11T12:08:58.505092192Z"
