dependencies:
- name: common
  repository: https://library-charts.truecharts.org
  version: 10.4.9
- name: postgresql
  repository: https://charts.truecharts.org/
  version: 8.0.50
- name: clickhouse
  repository: https://charts.truecharts.org/
  version: 1.0.5
digest: sha256:3f6946658109e1d477ef3142167b527b79cc498a5bdacec585c8a26af22bd08e
generated: "2022-08-08T22:25:40.797402558Z"
