dependencies:
- name: common
  repository: https://library-charts.truecharts.org
  version: 9.3.14
- name: node-exporter
  repository: https://charts.bitnami.com/bitnami
  version: 2.4.12
- name: kube-state-metrics
  repository: https://charts.bitnami.com/bitnami
  version: 2.2.20
digest: sha256:45eb10b05be40dc6a1732fd0926b940e554bcfd2950457f73a11b962e8b165fb
generated: "2022-05-17T07:44:16.720851632Z"
