dependencies:
- name: common
  repository: https://library-charts.truecharts.org
  version: 10.1.4
- name: postgresql
  repository: https://charts.truecharts.org/
  version: 8.0.18
- name: memcached
  repository: https://charts.truecharts.org/
  version: 3.0.17
digest: sha256:c1963612c5f4151379e3befd5dceeaab71cdaaf8fd58939e00265a6b4678c897
generated: "2022-06-26T09:25:08.464746956Z"
