dependencies:
- name: common
  repository: https://library-charts.truecharts.org
  version: 9.2.8
- name: postgresql
  repository: https://charts.truecharts.org/
  version: 7.0.42
- name: memcached
  repository: https://charts.truecharts.org/
  version: 2.0.39
digest: sha256:7bdf2a30559ab2d6d347da50b072f53864f05166342006a3421157f38b2d0245
generated: "2022-04-12T16:52:30.246336084Z"
