dependencies:
- name: common
  repository: https://truecharts.org
  version: 8.9.25
- name: mariadb
  repository: https://truecharts.org/
  version: 1.0.40
- name: redis
  repository: https://truecharts.org
  version: 1.0.42
digest: sha256:39d797813719513f4dbe6a19d6578b06318bfd0fc12773dd3ba6949657b86a37
generated: "2021-12-21T18:09:51.224192904Z"
