dependencies:
- name: common
  repository: https://truecharts.org
  version: 8.10.6
- name: node-exporter
  repository: https://charts.bitnami.com/bitnami
  version: 2.4.0
- name: kube-state-metrics
  repository: https://charts.bitnami.com/bitnami
  version: 2.2.2
digest: sha256:87d879a22e553a96cd1fb197ceb8f282acac17a8063364cb119171c94f6151a6
generated: "2022-01-11T17:44:49.475367954Z"
