dependencies:
- name: common
  repository: https://truecharts.org/
  version: 6.11.0
- name: postgresql
  repository: https://truecharts.org/
  version: 1.3.0
- name: redis
  repository: https://charts.bitnami.com/bitnami
  version: 15.0.3
digest: sha256:f89a6e8f37224fae6b9dcb094f2b9d10371349edb8459b9fceed65dfcee5f5fc
generated: "2021-08-30T11:47:16.507511024Z"
