dependencies:
- name: common
  repository: https://truecharts.org
  version: 8.9.10
- name: postgresql
  repository: https://truecharts.org/
  version: 6.0.18
- name: memcached
  repository: https://truecharts.org/
  version: 1.0.20
digest: sha256:f03fd749b19800ca75c678334ca82f3321306218d6b62a2665d992d45c9dc793
generated: "2021-12-05T00:13:25.608008259Z"
