dependencies:
- name: common
  repository: https://library-charts.truecharts.org
  version: 10.4.4
- name: postgresql
  repository: https://charts.truecharts.org/
  version: 8.0.30
digest: sha256:01ffe8729acfd7e545afcc82e92919e6d38fbf37cd990e82c939f3f79edfe6ac
generated: "2022-07-16T10:40:10.289316244Z"
