dependencies:
- name: common
  repository: https://truecharts.org/
  version: 7.0.14
- name: postgresql
  repository: https://truecharts.org/
  version: 2.2.4
- name: redis
  repository: https://charts.bitnami.com/bitnami
  version: 15.3.2
digest: sha256:c67bd8d91ff40a21a88b2a72bfda8fb360827968e41c37a14baf1aaa779c2336
generated: "2021-09-21T10:01:18.208220819Z"
