dependencies:
- name: common
  repository: https://truecharts.org
  version: 8.6.2
- name: postgresql
  repository: https://truecharts.org/
  version: 6.0.1
- name: redis
  repository: https://truecharts.org
  version: 1.0.5
digest: sha256:ff121c2f525ba47d19f1d86ed3dc841521c6e3759f9581e0d09bbd951b0ac64f
generated: "2021-11-16T15:54:30.946039464Z"
