dependencies:
- name: common
  repository: https://truecharts.org
  version: 8.15.4
- name: postgresql
  repository: https://truecharts.org/
  version: 6.0.68
- name: redis
  repository: https://truecharts.org
  version: 1.0.74
digest: sha256:76252b4ff2a76fef5fa6aec35e58f392147af90e90abfd9690e06b9c9336c6ba
generated: "2022-02-15T14:18:46.933617218Z"
