dependencies:
- name: common
  repository: https://truecharts.org
  version: 8.9.21
- name: node-exporter
  repository: https://charts.bitnami.com/bitnami
  version: 2.3.17
- name: kube-state-metrics
  repository: https://charts.bitnami.com/bitnami
  version: 2.1.19
digest: sha256:4cc475f8ea67f98277aae665c027fc31e5ff8faf33552846a9b32f84bbf2c4d3
generated: "2021-12-14T20:04:51.237348944Z"
