dependencies:
- name: common
  repository: https://library-charts.truecharts.org
  version: 9.3.2
- name: mariadb
  repository: https://charts.truecharts.org/
  version: 2.0.47
digest: sha256:7a21879fa2a29ef4f85421f69eb5e6b9874b49a9fa78d17c49d5c536f35a175a
generated: "2022-04-26T19:54:20.454282502Z"
