dependencies:
- name: common
  repository: https://truecharts.org
  version: 8.6.2
- name: postgresql
  repository: https://truecharts.org/
  version: 5.2.2
- name: memcached
  repository: https://truecharts.org/
  version: 1.0.4
digest: sha256:15602f7b8d64ca322d37d18266694d430850eac9a214f83a4c7c584e8eb3f5b4
generated: "2021-11-15T22:34:02.111720567Z"
