dependencies:
- name: common
  repository: https://library-charts.truecharts.org
  version: 10.4.8
- name: postgresql
  repository: https://charts.truecharts.org/
  version: 8.0.48
- name: collabora-online
  repository: https://charts.truecharts.org/
  version: 12.1.23
- name: redis
  repository: https://charts.truecharts.org
  version: 3.0.46
digest: sha256:167bb8c3b07a8e611c3aca56689b3aae87cfbd275edcc0076dcacb1bd862cf96
generated: "2022-07-26T11:06:16.748469667Z"
