dependencies:
- name: common
  repository: https://library-charts.truecharts.org
  version: 9.2.6
- name: mariadb
  repository: https://charts.truecharts.org/
  version: 2.0.27
- name: redis
  repository: https://charts.truecharts.org
  version: 2.0.22
digest: sha256:1497469916dd32a12fdc81b33974aff263976ceed23cd9a9bece77a4fa79d69a
generated: "2022-03-31T13:32:50.35755314Z"
