dependencies:
- name: common
  repository: https://library-charts.truecharts.org
  version: 10.0.10
- name: node-exporter
  repository: https://charts.bitnami.com/bitnami
  version: 3.0.3
- name: kube-state-metrics
  repository: https://charts.bitnami.com/bitnami
  version: 3.1.0
digest: sha256:70028e119375ae178b1b5bb8454f11f0f2eb2a192c1203ffbdf06b2000dc772a
generated: "2022-06-17T09:08:58.107998301Z"
