dependencies:
- name: common
  repository: https://truecharts.org/
  version: 6.8.4
- name: postgresql
  repository: https://truecharts.org/
  version: 1.0.22
- name: redis
  repository: https://charts.bitnami.com/bitnami
  version: 14.8.11
digest: sha256:4bcecd2ea248e2cef88f2187e8af3f51a44429653478bc2a00774a52b4af2906
generated: "2021-08-24T09:54:34.908400078Z"
