dependencies:
- name: common
  repository: https://truecharts.org
  version: 8.6.3
- name: postgresql
  repository: https://truecharts.org/
  version: 6.0.3
- name: memcached
  repository: https://truecharts.org/
  version: 1.0.6
digest: sha256:6b72f2631d69c2a4b3931c0b7fa6f470b9709ddeb70c6dc8d151cb95e429c869
generated: "2021-11-16T22:10:31.324805649Z"
