dependencies:
- name: common
  repository: https://truecharts.org
  version: 8.9.21
- name: postgresql
  repository: https://truecharts.org/
  version: 6.0.31
- name: redis
  repository: https://truecharts.org/
  version: 1.0.36
digest: sha256:9c1953f49f455402295bfe76ef5cf4d75dfeb2b70cd51fa9f819a9598f807627
generated: "2021-12-14T20:06:58.481250684Z"
