dependencies:
- name: common
  repository: https://truecharts.org
  version: 8.3.4
- name: postgresql
  repository: https://truecharts.org/
  version: 3.0.13
- name: redis
  repository: https://charts.bitnami.com/bitnami
  version: 15.4.1
digest: sha256:a605ee889201ee14a9c5caeb7574ae6d3a9f840ef1966b9ae898637c8a049a04
generated: "2021-10-12T09:32:26.953842697Z"
