dependencies:
- name: common
  repository: https://library-charts.truecharts.org
  version: 9.3.6
- name: mongodb
  repository: https://charts.truecharts.org/
  version: 0.1.18
digest: sha256:8f89ea84820c3712f1828965260128f7882651f2c9f19efd6d3736a326942bce
generated: "2022-05-10T20:33:24.807514847Z"
