dependencies:
- name: common
  repository: https://truecharts.org
  version: 8.14.2
- name: node-exporter
  repository: https://charts.bitnami.com/bitnami
  version: 2.4.1
- name: kube-state-metrics
  repository: https://charts.bitnami.com/bitnami
  version: 2.2.4
digest: sha256:1c3e2d9272f1abba9d260fe662ef2b66e85bc4c6b19d3db0eb06689b641c76e4
generated: "2022-01-25T19:19:14.439214155Z"
