dependencies:
- name: common
  repository: https://truecharts.org/
  version: 6.8.0
- name: postgresql
  repository: https://truecharts.org/
  version: 1.0.0
- name: redis
  repository: https://charts.bitnami.com/bitnami
  version: 14.8.8
digest: sha256:bf9e4b99b1f2f2df78d014e92f7cde8b897f2fe63e3db42698e27d9805318594
generated: "2021-08-12T12:56:24.223130347Z"
