dependencies:
- name: common
  repository: https://library-charts.truecharts.org
  version: 9.3.15
- name: promtail
  repository: https://charts.truecharts.org
  version: 2.0.39
digest: sha256:a7cd385c7ad9a5727f5d50ef4254b0606aa8be1c09a59d27211ed5b52c1dbfef
generated: "2022-05-18T19:46:59.481460865Z"
