dependencies:
- name: common
  repository: https://truecharts.org
  version: 8.16.0
- name: node-exporter
  repository: https://charts.bitnami.com/bitnami
  version: 2.4.3
- name: kube-state-metrics
  repository: https://charts.bitnami.com/bitnami
  version: 2.2.8
digest: sha256:ca8f0dcdbea7bdadafbb5caef58b2dab8c9b1d94284fbddec30e9b1da9c91562
generated: "2022-02-26T00:39:10.963121214Z"
