dependencies:
- name: common
  repository: https://library-charts.truecharts.org
  version: 10.1.1
- name: postgresql
  repository: https://charts.truecharts.org/
  version: 8.0.15
- name: redis
  repository: https://charts.truecharts.org
  version: 3.0.15
digest: sha256:8355a3c5cce9df6d62c3827d33cce4097bb654482b022c8417b9a5d6563746ae
generated: "2022-06-23T00:04:48.181428494Z"
