dependencies:
- name: common
  repository: https://library-charts.truecharts.org
  version: 10.4.9
- name: postgresql
  repository: https://charts.truecharts.org/
  version: 8.0.50
- name: redis
  repository: https://charts.truecharts.org
  version: 3.0.48
digest: sha256:73c5d584c0314ac8a7027f8933198282b7b81891d7291092df32a84bef0d277c
generated: "2022-08-08T22:52:06.647078386Z"
