dependencies:
- name: common
  repository: https://library-charts.truecharts.org
  version: 9.3.19
- name: node-exporter
  repository: https://charts.bitnami.com/bitnami
  version: 2.4.16
- name: kube-state-metrics
  repository: https://charts.bitnami.com/bitnami
  version: 2.2.24
digest: sha256:424798a0e491eebfc0af9c50294e92df5fe64eb81cae96c81bd5d99e0254eac1
generated: "2022-05-29T15:00:36.495273926Z"
