dependencies:
- name: common
  repository: https://truecharts.org
  version: 8.3.4
- name: postgresql
  repository: https://truecharts.org/
  version: 3.0.13
- name: memcached
  repository: https://charts.bitnami.com/bitnami
  version: 5.15.5
digest: sha256:544b0f7ae34a74d9d2540ce2fab65699da5807101e40b01d7bea35281fe223f6
generated: "2021-10-12T09:06:52.336317328Z"
