dependencies:
- name: common
  repository: https://library-charts.truecharts.org
  version: 9.3.6
- name: node-exporter
  repository: https://charts.bitnami.com/bitnami
  version: 2.4.11
- name: kube-state-metrics
  repository: https://charts.bitnami.com/bitnami
  version: 2.2.19
digest: sha256:ed7a5eeaf5029e1d9dd092e760c237cdb626bdb662b7f17ed267298aec1e3f18
generated: "2022-05-11T10:48:55.063025784Z"
