dependencies:
- name: common
  repository: https://library-charts.truecharts.org
  version: 9.2.9
- name: mariadb
  repository: https://charts.truecharts.org/
  version: 2.0.45
- name: redis
  repository: https://charts.truecharts.org
  version: 2.0.40
digest: sha256:2ec13e96a09fd463dc5854f3d06bd142ef35652109b42663a8c32cb09692d209
generated: "2022-04-20T20:42:01.262353684Z"
