dependencies:
- name: common
  repository: https://truecharts.org
  version: 8.9.25
- name: postgresql
  repository: https://truecharts.org/
  version: 6.0.37
- name: redis
  repository: https://truecharts.org
  version: 1.0.42
digest: sha256:6654e2fd23ced7ede13a858bb1d9618a48d6dff6feed61d5a1a2be34ce8def02
generated: "2021-12-24T17:37:42.343352589Z"
