dependencies:
- name: common
  repository: https://truecharts.org
  version: 8.0.7
- name: postgresql
  repository: https://truecharts.org/
  version: 2.2.5
- name: redis
  repository: https://charts.bitnami.com/bitnami
  version: 15.3.2
digest: sha256:5f571146dfb02e247f25aab5e62b7d34cab0522a785efe4abd3ad3b929383b99
generated: "2021-09-26T18:14:08.297844294Z"
