dependencies:
- name: common
  repository: https://truecharts.org
  version: 8.9.26
- name: postgresql
  repository: https://truecharts.org/
  version: 6.0.40
- name: redis
  repository: https://truecharts.org/
  version: 1.0.45
digest: sha256:abdbf6dcc6fd362f8fedb7318bb07bb727c08969e8a3c601b9514d7bf1ec5cfe
generated: "2021-12-28T14:50:08.680785041Z"
