dependencies:
- name: common
  repository: https://truecharts.org
  version: 8.9.26
- name: postgresql
  repository: https://truecharts.org/
  version: 6.0.40
- name: memcached
  repository: https://truecharts.org/
  version: 1.0.42
digest: sha256:1c23a3dca63639c22f040d1642b91b5363849525e12165787e609fa24ee12517
generated: "2021-12-28T14:59:51.937443034Z"
