dependencies:
- name: common
  repository: https://truecharts.org
  version: 8.16.0
- name: postgresql
  repository: https://truecharts.org/
  version: 6.0.69
- name: redis
  repository: https://truecharts.org
  version: 1.0.76
digest: sha256:4b9b9e6af3393124163d666ce069f03ac0b85487d049bb9d70da348d0256439d
generated: "2022-02-22T14:57:00.649190935Z"
