dependencies:
- name: common
  repository: https://library-charts.truecharts.org
  version: 10.0.10
- name: postgresql
  repository: https://charts.truecharts.org/
  version: 8.0.7
- name: memcached
  repository: https://charts.truecharts.org/
  version: 3.0.7
digest: sha256:d367c751127bb73ec0d582af40b35f97687148525dc39a66147d1e801b5c7a2a
generated: "2022-06-14T18:54:27.339335658Z"
