dependencies:
- name: common
  repository: https://truecharts.org
  version: 8.0.13
- name: postgresql
  repository: https://truecharts.org/
  version: 3.0.4
- name: memcached
  repository: https://charts.bitnami.com/bitnami
  version: 5.15.3
digest: sha256:31ea20ec333f850afa9cf3a2496456944683769564b80fd997d8321ca3f56830
generated: "2021-09-29T16:05:00.010027846Z"
