dependencies:
- name: common
  repository: https://truecharts.org
  version: 8.3.16
- name: postgresql
  repository: https://truecharts.org/
  version: 5.1.2
- name: memcached
  repository: https://charts.bitnami.com/bitnami
  version: 5.15.8
digest: sha256:3c1bc74afc1eacc39c9584cbfc66565ec8531d1ea07281fc9edf0bd35581468f
generated: "2021-10-26T20:32:02.640330282Z"
