dependencies:
- name: common
  repository: https://truecharts.org/
  version: 6.13.7
- name: postgresql
  repository: https://truecharts.org/
  version: 1.6.1
- name: memcached
  repository: https://charts.bitnami.com/bitnami
  version: 5.14.2
digest: sha256:cacb0024ee596935c01beb9b1c32ae93018ed54fa0c9eacb8d54f8f78fb335f1
generated: "2021-09-06T12:08:43.540860478Z"
