dependencies:
- name: common
  repository: https://truecharts.org
  version: 8.15.2
- name: postgresql
  repository: https://truecharts.org/
  version: 6.0.66
- name: memcached
  repository: https://truecharts.org/
  version: 1.0.68
digest: sha256:10ad4e9fe7672dfff000da5cf47f34cf44a1d283a405f936da7c615004749ce0
generated: "2022-02-10T16:19:14.866780506Z"
