dependencies:
- name: common
  repository: https://library-charts.truecharts.org
  version: 9.3.19
- name: postgresql
  repository: https://charts.truecharts.org/
  version: 7.0.79
- name: memcached
  repository: https://charts.truecharts.org/
  version: 2.0.78
digest: sha256:bd14a99ada9228a5697c7c401808697211a903dcd51a05b1bc3e00838bf668c7
generated: "2022-05-26T10:02:45.158612712Z"
