dependencies:
- name: common
  repository: https://truecharts.org/
  version: 6.13.7
- name: postgresql
  repository: https://truecharts.org/
  version: 1.6.1
- name: redis
  repository: https://charts.bitnami.com/bitnami
  version: 15.3.1
digest: sha256:8e1539556c3970833500f4afd64a93b92f3a89d55f215a85a6788408feb3e809
generated: "2021-09-06T18:35:07.466432616Z"
