dependencies:
- name: common
  repository: https://library-charts.truecharts.org
  version: 9.3.15
- name: mariadb
  repository: https://charts.truecharts.org/
  version: 2.0.70
- name: redis
  repository: https://charts.truecharts.org
  version: 2.0.64
digest: sha256:16e20bfd5be4cde05a8c9f998ca80c14ee2692b4e1542ce447f85f414a84778b
generated: "2022-05-17T18:43:46.789105682Z"
