dependencies:
- name: common
  repository: https://truecharts.org
  version: 8.9.1
- name: postgresql
  repository: https://truecharts.org/
  version: 6.0.7
- name: redis
  repository: https://truecharts.org/
  version: 1.0.11
digest: sha256:a9b075e815ea83d43fa4c6cbaa08c1ce7e16658a175c0da1d11f97e07eaafe9a
generated: "2021-11-22T22:20:22.351136668Z"
