dependencies:
- name: common
  repository: https://library-charts.truecharts.org
  version: 10.0.9
- name: postgresql
  repository: https://charts.truecharts.org/
  version: 8.0.5
- name: redis
  repository: https://charts.truecharts.org
  version: 3.0.5
digest: sha256:2577206ebc5d52b7cd30ad51865c08fd85e8e90eba8b0f2fe519241c5d35051e
generated: "2022-06-11T18:20:56.294583318Z"
