dependencies:
- name: common
  repository: https://library-charts.truecharts.org
  version: 9.3.14
- name: postgresql
  repository: https://charts.truecharts.org/
  version: 7.0.72
- name: redis
  repository: https://charts.truecharts.org
  version: 2.0.63
digest: sha256:c5c693dcd5e4ce1c8f68f94c964daaf18c1f619dc5b5e9dd8a8ea543c9e0867b
generated: "2022-05-17T07:52:48.896734655Z"
