dependencies:
- name: common
  repository: https://library-charts.truecharts.org
  version: 9.3.2
- name: postgresql
  repository: https://charts.truecharts.org/
  version: 7.0.52
- name: redis
  repository: https://charts.truecharts.org
  version: 2.0.43
digest: sha256:d639d79362fea708b27627c3aca637bb752f9f2d40725a59578957a905c54133
generated: "2022-05-04T07:14:46.569762621Z"
