dependencies:
- name: common
  repository: https://truecharts.org
  version: 9.1.2
- name: postgresql
  repository: https://truecharts.org/
  version: 7.0.1
- name: memcached
  repository: https://truecharts.org/
  version: 2.0.1
digest: sha256:fbdf8a4f6a315519072fc53c60300b56c8cd391079b032dc17e00cc769eb403e
generated: "2022-03-07T16:31:29.235010364Z"
