dependencies:
- name: common
  repository: https://truecharts.org/
  version: 6.5.4
- name: postgresql
  repository: https://charts.bitnami.com/bitnami
  version: 10.5.1
- name: redis
  repository: https://charts.bitnami.com/bitnami
  version: 14.6.3
digest: sha256:03404b5bb92b88dc1846789abd303758e76005faef3c88a50ba341c817a978af
generated: "2021-07-05T22:15:47.853224259Z"
