dependencies:
- name: common
  repository: https://truecharts.org
  version: 8.3.6
- name: postgresql
  repository: https://truecharts.org/
  version: 3.0.16
- name: redis
  repository: https://charts.bitnami.com/bitnami
  version: 15.4.1
digest: sha256:c41c7264c1cc4fea5f2e16c226cf7711f71f799613c18de09806156528bf74a4
generated: "2021-10-13T22:25:50.193370843Z"
