dependencies:
- name: common
  repository: https://truecharts.org
  version: 8.5.6
- name: postgresql
  repository: https://truecharts.org/
  version: 5.1.16
- name: redis
  repository: https://truecharts.org/
  version: 1.0.0
digest: sha256:3eb3112159a717e041aeb9f54c9d35702dcebef7dfad1e06921c5fb2df026d40
generated: "2021-11-12T21:13:32.52484651Z"
