dependencies:
- name: common
  repository: https://truecharts.org
  version: 8.12.1
- name: postgresql
  repository: https://truecharts.org/
  version: 6.0.48
- name: memcached
  repository: https://truecharts.org/
  version: 1.0.50
digest: sha256:58f9507698ce6f9062df72ce22bd1c9a9557ea04522b45d3d7074f3de63774df
generated: "2022-01-12T23:40:37.276449126Z"
