dependencies:
- name: common
  repository: https://library-charts.truecharts.org
  version: 10.1.4
- name: postgresql
  repository: https://charts.truecharts.org/
  version: 8.0.18
- name: redis
  repository: https://charts.truecharts.org
  version: 3.0.18
digest: sha256:f868b14f60498ada1b9ee08fc6641870d68dd1cb3e05b233f63cf7d6c076dc02
generated: "2022-06-25T13:44:05.789618297Z"
