dependencies:
- name: common
  repository: https://truecharts.org
  version: 8.9.15
- name: postgresql
  repository: https://truecharts.org/
  version: 6.0.24
- name: redis
  repository: https://truecharts.org
  version: 1.0.29
digest: sha256:9b9405f99ecdff1fc88395f6a576142f65024bcb33711822cf004b15c710fc19
generated: "2021-12-07T22:34:35.252514428Z"
