dependencies:
- name: common
  repository: https://library-charts.truecharts.org
  version: 10.0.10
- name: mariadb
  repository: https://charts.truecharts.org/
  version: 3.0.7
digest: sha256:3f1fefceea29b43f2a7ecaf001614a2bb765070182e3b40deb86e3095d9da62e
generated: "2022-06-17T09:04:24.069351142Z"
