dependencies:
- name: common
  repository: https://truecharts.org/
  version: 6.6.2
- name: postgresql
  repository: https://charts.bitnami.com/bitnami
  version: 10.8.0
- name: redis
  repository: https://charts.bitnami.com/bitnami
  version: 14.8.8
digest: sha256:6025859078ccab8011f1545a094ce60cc1ab4b08b2bbd63f7e8bbac72222e975
generated: "2021-08-10T07:16:29.942102326Z"
