dependencies:
- name: common
  repository: https://truecharts.org/
  version: 6.6.1
- name: postgresql
  repository: https://charts.bitnami.com/bitnami
  version: 10.8.0
- name: redis
  repository: https://charts.bitnami.com/bitnami
  version: 14.8.6
digest: sha256:2f0fae20cb68bfd8f96198d22cbff09419fe2d35c38fd1311d2a76e91caf8ca7
generated: "2021-07-28T08:33:00.417039854Z"
