dependencies:
- name: common
  repository: https://truecharts.org
  version: 8.15.0
- name: postgresql
  repository: https://truecharts.org/
  version: 6.0.62
- name: memcached
  repository: https://truecharts.org/
  version: 1.0.65
digest: sha256:5fa1912582ac2aae3221a75d38af1937e57a822b444c34e179e376ea5f388135
generated: "2022-02-06T16:52:57.132160162Z"
