dependencies:
- name: common
  repository: https://library-charts.truecharts.org
  version: 10.4.9
- name: postgresql
  repository: https://charts.truecharts.org/
  version: 8.0.52
- name: clickhouse
  repository: https://charts.truecharts.org/
  version: 1.0.5
digest: sha256:5873dac64c9a7c8e4394682a2c3df7d7b25945dd09ff5d3269fe6e3c8d5b3702
generated: "2022-08-09T15:19:59.217958786Z"
