dependencies:
- name: common
  repository: https://truecharts.org
  version: 9.1.6
- name: postgresql
  repository: https://truecharts.org/
  version: 7.0.6
- name: redis
  repository: https://truecharts.org
  version: 2.0.5
digest: sha256:8da90edb0f79f572ac97f1613c8a82daf94433f36c93cdbb48259cfad48875bf
generated: "2022-03-21T20:14:04.124963012Z"
