dependencies:
- name: common
  repository: https://library-charts.truecharts.org
  version: 9.3.2
- name: postgresql
  repository: https://charts.truecharts.org/
  version: 7.0.50
- name: memcached
  repository: https://charts.truecharts.org/
  version: 2.0.47
digest: sha256:2a8c7788b5716ec376317cc2bdbfbc13a4b23af915e57ba224f7ae3f5079fe0c
generated: "2022-04-26T19:35:17.842161342Z"
