dependencies:
- name: common
  repository: https://library-charts.truecharts.org
  version: 10.4.9
- name: postgresql
  repository: https://charts.truecharts.org/
  version: 8.0.52
- name: redis
  repository: https://charts.truecharts.org
  version: 3.0.50
digest: sha256:c4efb642bd4099cdd83fbe65741bd2cd57ede772e8fe966084cc22d0f42f97e1
generated: "2022-08-12T20:55:50.109686441Z"
