dependencies:
- name: common
  repository: https://truecharts.org/
  version: 7.0.12
- name: postgresql
  repository: https://truecharts.org/
  version: 2.2.0
- name: memcached
  repository: https://charts.bitnami.com/bitnami
  version: 5.14.2
digest: sha256:b43f504bc0b8663c0291fa6da1b49b6d8edc3598bd9fe5a4b99d900795016029
generated: "2021-09-13T16:50:13.44344627Z"
