dependencies:
- name: common
  repository: https://library-charts.truecharts.org
  version: 9.3.2
- name: mariadb
  repository: https://charts.truecharts.org/
  version: 2.0.49
- name: redis
  repository: https://charts.truecharts.org
  version: 2.0.43
digest: sha256:61c2fa7d5286780a770a0201f5faa1a11d5c033b3802f9fd6a20273d7a613b03
generated: "2022-05-04T07:12:45.933869715Z"
