dependencies:
- name: common
  repository: https://truecharts.org
  version: 8.6.2
- name: postgresql
  repository: https://truecharts.org/
  version: 5.2.2
- name: redis
  repository: https://truecharts.org
  version: 1.0.5
digest: sha256:821aab8cd90fca563efe6c38607079bc3d2c6d82eafd8d0ac09a1a9e5d4874e4
generated: "2021-11-15T23:45:31.21946634Z"
