dependencies:
- name: common
  repository: https://truecharts.org
  version: 8.14.2
- name: mariadb
  repository: https://truecharts.org/
  version: 1.0.61
- name: redis
  repository: https://truecharts.org
  version: 1.0.63
digest: sha256:df0e95714f032928a975c5b046cd3948e709c94545e4738d0ba12b6d91e6d080
generated: "2022-01-31T21:28:00.66149052Z"
