dependencies:
- name: common
  repository: https://truecharts.org
  version: 9.1.2
- name: postgresql
  repository: https://truecharts.org/
  version: 7.0.1
- name: redis
  repository: https://truecharts.org
  version: 2.0.1
digest: sha256:e53fc116ed0f135bcfef339d0a16f9c79277b53eb2a4364233fe8042436d97e3
generated: "2022-03-07T16:44:56.589234306Z"
