dependencies:
- name: common
  repository: https://truecharts.org
  version: 8.13.5
- name: postgresql
  repository: https://truecharts.org/
  version: 6.0.56
- name: redis
  repository: https://truecharts.org
  version: 1.0.61
digest: sha256:2c477cf0e7afb5b1759de5df4f5e24c3c0f7f571321b08324c77287e6f3b64e1
generated: "2022-01-22T14:06:08.086999128Z"
