dependencies:
- name: common
  repository: https://truecharts.org
  version: 9.1.4
- name: mariadb
  repository: https://truecharts.org/
  version: 2.0.4
- name: redis
  repository: https://truecharts.org
  version: 2.0.4
digest: sha256:2eae17ee9543ff0cb2e005d10ce6ff526866b58ff6effbacf4e181d520ac621c
generated: "2022-03-17T08:24:41.023334148Z"
